// !$*UTF8*$!
{
	archiveVersion = 1;
	classes = {
	};
	objectVersion = 50;
	objects = {

/* Begin PBXBuildFile section */
		2B3C3E2522616FBB0026BFCE /* UserService.swift in Sources */ = {isa = PBXBuildFile; fileRef = 2B3C3E2422616FBB0026BFCE /* UserService.swift */; };
		2B3C3E272261701A0026BFCE /* SocialPostService.swift in Sources */ = {isa = PBXBuildFile; fileRef = 2B3C3E262261701A0026BFCE /* SocialPostService.swift */; };
		2B3C3E282261701A0026BFCE /* SocialPostService.swift in Sources */ = {isa = PBXBuildFile; fileRef = 2B3C3E262261701A0026BFCE /* SocialPostService.swift */; };
		2B3C3E2A2261704D0026BFCE /* CourseService.swift in Sources */ = {isa = PBXBuildFile; fileRef = 2B3C3E292261704D0026BFCE /* CourseService.swift */; };
		2B3C3E2B2261704D0026BFCE /* CourseService.swift in Sources */ = {isa = PBXBuildFile; fileRef = 2B3C3E292261704D0026BFCE /* CourseService.swift */; };
		2B3C3E2D2261707A0026BFCE /* LessonService.swift in Sources */ = {isa = PBXBuildFile; fileRef = 2B3C3E2C2261707A0026BFCE /* LessonService.swift */; };
		2B3C3E2E2261707A0026BFCE /* LessonService.swift in Sources */ = {isa = PBXBuildFile; fileRef = 2B3C3E2C2261707A0026BFCE /* LessonService.swift */; };
		2B3C3E30226170A40026BFCE /* CommentService.swift in Sources */ = {isa = PBXBuildFile; fileRef = 2B3C3E2F226170A40026BFCE /* CommentService.swift */; };
		2B3C3E31226170A40026BFCE /* CommentService.swift in Sources */ = {isa = PBXBuildFile; fileRef = 2B3C3E2F226170A40026BFCE /* CommentService.swift */; };
		2B3C3E33226170CC0026BFCE /* LearningPostService.swift in Sources */ = {isa = PBXBuildFile; fileRef = 2B3C3E32226170CC0026BFCE /* LearningPostService.swift */; };
		2B3C3E34226170CC0026BFCE /* LearningPostService.swift in Sources */ = {isa = PBXBuildFile; fileRef = 2B3C3E32226170CC0026BFCE /* LearningPostService.swift */; };
		2B3C3E362261712F0026BFCE /* NotificationService.swift in Sources */ = {isa = PBXBuildFile; fileRef = 2B3C3E352261712F0026BFCE /* NotificationService.swift */; };
		2B3C3E372261712F0026BFCE /* NotificationService.swift in Sources */ = {isa = PBXBuildFile; fileRef = 2B3C3E352261712F0026BFCE /* NotificationService.swift */; };
		2B4DA89C20E5770A0072F8B0 /* AppDelegate.swift in Sources */ = {isa = PBXBuildFile; fileRef = 2B4DA89B20E5770A0072F8B0 /* AppDelegate.swift */; };
		2B4DA89E20E5770A0072F8B0 /* EntryViewController.swift in Sources */ = {isa = PBXBuildFile; fileRef = 2B4DA89D20E5770A0072F8B0 /* EntryViewController.swift */; };
		2B4DA8A120E5770A0072F8B0 /* Main.storyboard in Resources */ = {isa = PBXBuildFile; fileRef = 2B4DA89F20E5770A0072F8B0 /* Main.storyboard */; };
		2B4DA8A420E5770A0072F8B0 /* Somuleco.xcdatamodeld in Sources */ = {isa = PBXBuildFile; fileRef = 2B4DA8A220E5770A0072F8B0 /* Somuleco.xcdatamodeld */; };
		2B4DA8A920E5770B0072F8B0 /* LaunchScreen.storyboard in Resources */ = {isa = PBXBuildFile; fileRef = 2B4DA8A720E5770B0072F8B0 /* LaunchScreen.storyboard */; };
		2B4DA8B420E5770B0072F8B0 /* SomulecoTests.swift in Sources */ = {isa = PBXBuildFile; fileRef = 2B4DA8B320E5770B0072F8B0 /* SomulecoTests.swift */; };
		2B4DA8BF20E5770B0072F8B0 /* SomulecoUITests.swift in Sources */ = {isa = PBXBuildFile; fileRef = 2B4DA8BE20E5770B0072F8B0 /* SomulecoUITests.swift */; };
		2B6C8DBF2240470A00E3FE48 /* User.swift in Sources */ = {isa = PBXBuildFile; fileRef = 2B6C8DBE2240470A00E3FE48 /* User.swift */; };
		2B7DF8722214A1F800ACE5F6 /* UnauthenticatedStoryboard.storyboard in Resources */ = {isa = PBXBuildFile; fileRef = 2B7DF8712214A1F800ACE5F6 /* UnauthenticatedStoryboard.storyboard */; };
		2B7DF8742214A23600ACE5F6 /* AuthenticatedStoryboard.storyboard in Resources */ = {isa = PBXBuildFile; fileRef = 2B7DF8732214A23600ACE5F6 /* AuthenticatedStoryboard.storyboard */; };
		2B7DF8762214A24800ACE5F6 /* AuthenticationStoryboard.storyboard in Resources */ = {isa = PBXBuildFile; fileRef = 2B7DF8752214A24800ACE5F6 /* AuthenticationStoryboard.storyboard */; };
		2B9CF00B20E9E920006AB73C /* LessonFeedViewController.swift in Sources */ = {isa = PBXBuildFile; fileRef = 2B9CF00A20E9E920006AB73C /* LessonFeedViewController.swift */; };
		2B9CF00D20E9E935006AB73C /* SocialFeedViewController.swift in Sources */ = {isa = PBXBuildFile; fileRef = 2B9CF00C20E9E935006AB73C /* SocialFeedViewController.swift */; };
		2B9CF00F20E9E948006AB73C /* ExploreViewController.swift in Sources */ = {isa = PBXBuildFile; fileRef = 2B9CF00E20E9E948006AB73C /* ExploreViewController.swift */; };
		2B9CF01120E9E95A006AB73C /* NotificationsViewController.swift in Sources */ = {isa = PBXBuildFile; fileRef = 2B9CF01020E9E95A006AB73C /* NotificationsViewController.swift */; };
		2B9CF01320E9E969006AB73C /* AddFriendsViewController.swift in Sources */ = {isa = PBXBuildFile; fileRef = 2B9CF01220E9E969006AB73C /* AddFriendsViewController.swift */; };
		2B9CF01520E9E9D9006AB73C /* SideNavViewController.swift in Sources */ = {isa = PBXBuildFile; fileRef = 2B9CF01420E9E9D9006AB73C /* SideNavViewController.swift */; };
		2B9EB37520E6C80500035D0A /* Assets.xcassets in Resources */ = {isa = PBXBuildFile; fileRef = 2B9EB37420E6C80500035D0A /* Assets.xcassets */; };
		2BAC67CD2295F82A00D496DD /* FacebookUser.swift in Sources */ = {isa = PBXBuildFile; fileRef = 2BAC67CC2295F82A00D496DD /* FacebookUser.swift */; };
		2BAC67CF2295FAF100D496DD /* GoogleUser.swift in Sources */ = {isa = PBXBuildFile; fileRef = 2BAC67CE2295FAF100D496DD /* GoogleUser.swift */; };
		2BC4E60B20E8192100C204F8 /* LoginViewController.swift in Sources */ = {isa = PBXBuildFile; fileRef = 2BC4E60A20E8192100C204F8 /* LoginViewController.swift */; };
		2BC4E60D20E81D9800C204F8 /* UIViewGradientExtension.swift in Sources */ = {isa = PBXBuildFile; fileRef = 2BC4E60C20E81D9800C204F8 /* UIViewGradientExtension.swift */; };
		2BC4E60F20E824E300C204F8 /* constants.swift in Sources */ = {isa = PBXBuildFile; fileRef = 2BC4E60E20E824E300C204F8 /* constants.swift */; };
		2BC4E61120E8715200C204F8 /* SignupViewController.swift in Sources */ = {isa = PBXBuildFile; fileRef = 2BC4E61020E8715200C204F8 /* SignupViewController.swift */; };
		2BCC772E226272870095AC3D /* PUserService.swift in Sources */ = {isa = PBXBuildFile; fileRef = 2BCC772D226272870095AC3D /* PUserService.swift */; };
		2BDBAB4A20FF976F000A6B2F /* awsconfiguration.json in Resources */ = {isa = PBXBuildFile; fileRef = 2BDBAB4920FF976F000A6B2F /* awsconfiguration.json */; };
		2BE9A9632270F2AC00BA54BA /* AuthenticationService.swift in Sources */ = {isa = PBXBuildFile; fileRef = 2BE9A9622270F2AC00BA54BA /* AuthenticationService.swift */; };
		2BF4BE6F22161763007B3A7B /* LibraryViewController.swift in Sources */ = {isa = PBXBuildFile; fileRef = 2BF4BE6E22161763007B3A7B /* LibraryViewController.swift */; };
		2BF4BE712216183C007B3A7B /* WalletViewController.swift in Sources */ = {isa = PBXBuildFile; fileRef = 2BF4BE702216183C007B3A7B /* WalletViewController.swift */; };
		2BF4BE73221618E2007B3A7B /* LearningProfileViewController.swift in Sources */ = {isa = PBXBuildFile; fileRef = 2BF4BE72221618E2007B3A7B /* LearningProfileViewController.swift */; };
		41184398E0A4901E142A59F6 /* Pods_SomulecoUITests.framework in Frameworks */ = {isa = PBXBuildFile; fileRef = E034AC41717589D1F3FA9248 /* Pods_SomulecoUITests.framework */; };
		7BC88E0B097284107A9202B8 /* Pods_SomulecoTests.framework in Frameworks */ = {isa = PBXBuildFile; fileRef = 7B525F064CA0E67303BE4431 /* Pods_SomulecoTests.framework */; };
		9651DCBCD37CBD97324A6CAC /* Pods_Somuleco.framework in Frameworks */ = {isa = PBXBuildFile; fileRef = 3BD678B0867FBCF3D937C15D /* Pods_Somuleco.framework */; };
/* End PBXBuildFile section */

/* Begin PBXContainerItemProxy section */
		2B4DA8B020E5770B0072F8B0 /* PBXContainerItemProxy */ = {
			isa = PBXContainerItemProxy;
			containerPortal = 2B4DA89020E577090072F8B0 /* Project object */;
			proxyType = 1;
			remoteGlobalIDString = 2B4DA89720E577090072F8B0;
			remoteInfo = Somuleco;
		};
		2B4DA8BB20E5770B0072F8B0 /* PBXContainerItemProxy */ = {
			isa = PBXContainerItemProxy;
			containerPortal = 2B4DA89020E577090072F8B0 /* Project object */;
			proxyType = 1;
			remoteGlobalIDString = 2B4DA89720E577090072F8B0;
			remoteInfo = Somuleco;
		};
/* End PBXContainerItemProxy section */

/* Begin PBXFileReference section */
		2B3C3E2422616FBB0026BFCE /* UserService.swift */ = {isa = PBXFileReference; lastKnownFileType = sourcecode.swift; path = UserService.swift; sourceTree = "<group>"; };
		2B3C3E262261701A0026BFCE /* SocialPostService.swift */ = {isa = PBXFileReference; lastKnownFileType = sourcecode.swift; path = SocialPostService.swift; sourceTree = "<group>"; };
		2B3C3E292261704D0026BFCE /* CourseService.swift */ = {isa = PBXFileReference; lastKnownFileType = sourcecode.swift; path = CourseService.swift; sourceTree = "<group>"; };
		2B3C3E2C2261707A0026BFCE /* LessonService.swift */ = {isa = PBXFileReference; lastKnownFileType = sourcecode.swift; path = LessonService.swift; sourceTree = "<group>"; };
		2B3C3E2F226170A40026BFCE /* CommentService.swift */ = {isa = PBXFileReference; lastKnownFileType = sourcecode.swift; path = CommentService.swift; sourceTree = "<group>"; };
		2B3C3E32226170CC0026BFCE /* LearningPostService.swift */ = {isa = PBXFileReference; lastKnownFileType = sourcecode.swift; path = LearningPostService.swift; sourceTree = "<group>"; };
		2B3C3E352261712F0026BFCE /* NotificationService.swift */ = {isa = PBXFileReference; lastKnownFileType = sourcecode.swift; path = NotificationService.swift; sourceTree = "<group>"; };
		2B4DA89820E5770A0072F8B0 /* Somuleco.app */ = {isa = PBXFileReference; explicitFileType = wrapper.application; includeInIndex = 0; path = Somuleco.app; sourceTree = BUILT_PRODUCTS_DIR; };
		2B4DA89B20E5770A0072F8B0 /* AppDelegate.swift */ = {isa = PBXFileReference; lastKnownFileType = sourcecode.swift; path = AppDelegate.swift; sourceTree = "<group>"; };
		2B4DA89D20E5770A0072F8B0 /* EntryViewController.swift */ = {isa = PBXFileReference; lastKnownFileType = sourcecode.swift; path = EntryViewController.swift; sourceTree = "<group>"; };
		2B4DA8A020E5770A0072F8B0 /* Base */ = {isa = PBXFileReference; lastKnownFileType = file.storyboard; name = Base; path = Base.lproj/Main.storyboard; sourceTree = "<group>"; };
		2B4DA8A320E5770A0072F8B0 /* Somuleco.xcdatamodel */ = {isa = PBXFileReference; lastKnownFileType = wrapper.xcdatamodel; path = Somuleco.xcdatamodel; sourceTree = "<group>"; };
		2B4DA8A820E5770B0072F8B0 /* Base */ = {isa = PBXFileReference; lastKnownFileType = file.storyboard; name = Base; path = Base.lproj/LaunchScreen.storyboard; sourceTree = "<group>"; };
		2B4DA8AA20E5770B0072F8B0 /* Info.plist */ = {isa = PBXFileReference; lastKnownFileType = text.plist.xml; path = Info.plist; sourceTree = "<group>"; };
		2B4DA8AF20E5770B0072F8B0 /* SomulecoTests.xctest */ = {isa = PBXFileReference; explicitFileType = wrapper.cfbundle; includeInIndex = 0; path = SomulecoTests.xctest; sourceTree = BUILT_PRODUCTS_DIR; };
		2B4DA8B320E5770B0072F8B0 /* SomulecoTests.swift */ = {isa = PBXFileReference; lastKnownFileType = sourcecode.swift; path = SomulecoTests.swift; sourceTree = "<group>"; };
		2B4DA8B520E5770B0072F8B0 /* Info.plist */ = {isa = PBXFileReference; lastKnownFileType = text.plist.xml; path = Info.plist; sourceTree = "<group>"; };
		2B4DA8BA20E5770B0072F8B0 /* SomulecoUITests.xctest */ = {isa = PBXFileReference; explicitFileType = wrapper.cfbundle; includeInIndex = 0; path = SomulecoUITests.xctest; sourceTree = BUILT_PRODUCTS_DIR; };
		2B4DA8BE20E5770B0072F8B0 /* SomulecoUITests.swift */ = {isa = PBXFileReference; lastKnownFileType = sourcecode.swift; path = SomulecoUITests.swift; sourceTree = "<group>"; };
		2B4DA8C020E5770B0072F8B0 /* Info.plist */ = {isa = PBXFileReference; lastKnownFileType = text.plist.xml; path = Info.plist; sourceTree = "<group>"; };
		2B6C8DBE2240470A00E3FE48 /* User.swift */ = {isa = PBXFileReference; lastKnownFileType = sourcecode.swift; path = User.swift; sourceTree = "<group>"; };
		2B7DF8712214A1F800ACE5F6 /* UnauthenticatedStoryboard.storyboard */ = {isa = PBXFileReference; lastKnownFileType = file.storyboard; path = UnauthenticatedStoryboard.storyboard; sourceTree = "<group>"; };
		2B7DF8732214A23600ACE5F6 /* AuthenticatedStoryboard.storyboard */ = {isa = PBXFileReference; lastKnownFileType = file.storyboard; path = AuthenticatedStoryboard.storyboard; sourceTree = "<group>"; };
		2B7DF8752214A24800ACE5F6 /* AuthenticationStoryboard.storyboard */ = {isa = PBXFileReference; lastKnownFileType = file.storyboard; path = AuthenticationStoryboard.storyboard; sourceTree = "<group>"; };
		2B9CF00A20E9E920006AB73C /* LessonFeedViewController.swift */ = {isa = PBXFileReference; lastKnownFileType = sourcecode.swift; path = LessonFeedViewController.swift; sourceTree = "<group>"; };
		2B9CF00C20E9E935006AB73C /* SocialFeedViewController.swift */ = {isa = PBXFileReference; lastKnownFileType = sourcecode.swift; path = SocialFeedViewController.swift; sourceTree = "<group>"; };
		2B9CF00E20E9E948006AB73C /* ExploreViewController.swift */ = {isa = PBXFileReference; lastKnownFileType = sourcecode.swift; path = ExploreViewController.swift; sourceTree = "<group>"; };
		2B9CF01020E9E95A006AB73C /* NotificationsViewController.swift */ = {isa = PBXFileReference; lastKnownFileType = sourcecode.swift; path = NotificationsViewController.swift; sourceTree = "<group>"; };
		2B9CF01220E9E969006AB73C /* AddFriendsViewController.swift */ = {isa = PBXFileReference; lastKnownFileType = sourcecode.swift; path = AddFriendsViewController.swift; sourceTree = "<group>"; };
		2B9CF01420E9E9D9006AB73C /* SideNavViewController.swift */ = {isa = PBXFileReference; lastKnownFileType = sourcecode.swift; path = SideNavViewController.swift; sourceTree = "<group>"; };
		2B9EB37420E6C80500035D0A /* Assets.xcassets */ = {isa = PBXFileReference; lastKnownFileType = folder.assetcatalog; name = Assets.xcassets; path = ../../../../../Desktop/Icons/Assets.xcassets; sourceTree = "<group>"; };
		2BAC67CC2295F82A00D496DD /* FacebookUser.swift */ = {isa = PBXFileReference; lastKnownFileType = sourcecode.swift; path = FacebookUser.swift; sourceTree = "<group>"; };
		2BAC67CE2295FAF100D496DD /* GoogleUser.swift */ = {isa = PBXFileReference; lastKnownFileType = sourcecode.swift; path = GoogleUser.swift; sourceTree = "<group>"; };
		2BC4E60A20E8192100C204F8 /* LoginViewController.swift */ = {isa = PBXFileReference; lastKnownFileType = sourcecode.swift; path = LoginViewController.swift; sourceTree = "<group>"; };
		2BC4E60C20E81D9800C204F8 /* UIViewGradientExtension.swift */ = {isa = PBXFileReference; lastKnownFileType = sourcecode.swift; path = UIViewGradientExtension.swift; sourceTree = "<group>"; };
		2BC4E60E20E824E300C204F8 /* constants.swift */ = {isa = PBXFileReference; lastKnownFileType = sourcecode.swift; path = constants.swift; sourceTree = "<group>"; };
		2BC4E61020E8715200C204F8 /* SignupViewController.swift */ = {isa = PBXFileReference; lastKnownFileType = sourcecode.swift; path = SignupViewController.swift; sourceTree = "<group>"; };
		2BCC772D226272870095AC3D /* PUserService.swift */ = {isa = PBXFileReference; lastKnownFileType = sourcecode.swift; path = PUserService.swift; sourceTree = "<group>"; };
		2BDBAB4920FF976F000A6B2F /* awsconfiguration.json */ = {isa = PBXFileReference; fileEncoding = 4; lastKnownFileType = text.json; name = awsconfiguration.json; path = ../../../../../Downloads/awsconfiguration.json; sourceTree = "<group>"; };
		2BE9A9622270F2AC00BA54BA /* AuthenticationService.swift */ = {isa = PBXFileReference; lastKnownFileType = sourcecode.swift; path = AuthenticationService.swift; sourceTree = "<group>"; };
		2BF4BE6E22161763007B3A7B /* LibraryViewController.swift */ = {isa = PBXFileReference; lastKnownFileType = sourcecode.swift; name = LibraryViewController.swift; path = "New Group/LibraryViewController.swift"; sourceTree = "<group>"; };
		2BF4BE702216183C007B3A7B /* WalletViewController.swift */ = {isa = PBXFileReference; lastKnownFileType = sourcecode.swift; path = WalletViewController.swift; sourceTree = "<group>"; };
		2BF4BE72221618E2007B3A7B /* LearningProfileViewController.swift */ = {isa = PBXFileReference; lastKnownFileType = sourcecode.swift; path = LearningProfileViewController.swift; sourceTree = "<group>"; };
		3BD678B0867FBCF3D937C15D /* Pods_Somuleco.framework */ = {isa = PBXFileReference; explicitFileType = wrapper.framework; includeInIndex = 0; path = Pods_Somuleco.framework; sourceTree = BUILT_PRODUCTS_DIR; };
		416EB7617403DAE88D4A1129 /* Pods-Somuleco.debug.xcconfig */ = {isa = PBXFileReference; includeInIndex = 1; lastKnownFileType = text.xcconfig; name = "Pods-Somuleco.debug.xcconfig"; path = "Pods/Target Support Files/Pods-Somuleco/Pods-Somuleco.debug.xcconfig"; sourceTree = "<group>"; };
		7B525F064CA0E67303BE4431 /* Pods_SomulecoTests.framework */ = {isa = PBXFileReference; explicitFileType = wrapper.framework; includeInIndex = 0; path = Pods_SomulecoTests.framework; sourceTree = BUILT_PRODUCTS_DIR; };
		823D1F7E58E5698E9C102277 /* Pods-SomulecoTests.debug.xcconfig */ = {isa = PBXFileReference; includeInIndex = 1; lastKnownFileType = text.xcconfig; name = "Pods-SomulecoTests.debug.xcconfig"; path = "Pods/Target Support Files/Pods-SomulecoTests/Pods-SomulecoTests.debug.xcconfig"; sourceTree = "<group>"; };
		8D29F2E9F09E0ABA57429242 /* Pods-SomulecoUITests.debug.xcconfig */ = {isa = PBXFileReference; includeInIndex = 1; lastKnownFileType = text.xcconfig; name = "Pods-SomulecoUITests.debug.xcconfig"; path = "Pods/Target Support Files/Pods-SomulecoUITests/Pods-SomulecoUITests.debug.xcconfig"; sourceTree = "<group>"; };
		93251D9D9427F7E606099C1B /* Pods-SomulecoTests.release.xcconfig */ = {isa = PBXFileReference; includeInIndex = 1; lastKnownFileType = text.xcconfig; name = "Pods-SomulecoTests.release.xcconfig"; path = "Pods/Target Support Files/Pods-SomulecoTests/Pods-SomulecoTests.release.xcconfig"; sourceTree = "<group>"; };
		DCE9C8FFCE426349109DA6AA /* Pods-Somuleco.release.xcconfig */ = {isa = PBXFileReference; includeInIndex = 1; lastKnownFileType = text.xcconfig; name = "Pods-Somuleco.release.xcconfig"; path = "Pods/Target Support Files/Pods-Somuleco/Pods-Somuleco.release.xcconfig"; sourceTree = "<group>"; };
		E034AC41717589D1F3FA9248 /* Pods_SomulecoUITests.framework */ = {isa = PBXFileReference; explicitFileType = wrapper.framework; includeInIndex = 0; path = Pods_SomulecoUITests.framework; sourceTree = BUILT_PRODUCTS_DIR; };
		F9E013741C7F3F88E68098C4 /* Pods-SomulecoUITests.release.xcconfig */ = {isa = PBXFileReference; includeInIndex = 1; lastKnownFileType = text.xcconfig; name = "Pods-SomulecoUITests.release.xcconfig"; path = "Pods/Target Support Files/Pods-SomulecoUITests/Pods-SomulecoUITests.release.xcconfig"; sourceTree = "<group>"; };
/* End PBXFileReference section */

/* Begin PBXFrameworksBuildPhase section */
		2B4DA89520E577090072F8B0 /* Frameworks */ = {
			isa = PBXFrameworksBuildPhase;
			buildActionMask = 2147483647;
			files = (
				9651DCBCD37CBD97324A6CAC /* Pods_Somuleco.framework in Frameworks */,
			);
			runOnlyForDeploymentPostprocessing = 0;
		};
		2B4DA8AC20E5770B0072F8B0 /* Frameworks */ = {
			isa = PBXFrameworksBuildPhase;
			buildActionMask = 2147483647;
			files = (
				7BC88E0B097284107A9202B8 /* Pods_SomulecoTests.framework in Frameworks */,
			);
			runOnlyForDeploymentPostprocessing = 0;
		};
		2B4DA8B720E5770B0072F8B0 /* Frameworks */ = {
			isa = PBXFrameworksBuildPhase;
			buildActionMask = 2147483647;
			files = (
				41184398E0A4901E142A59F6 /* Pods_SomulecoUITests.framework in Frameworks */,
			);
			runOnlyForDeploymentPostprocessing = 0;
		};
/* End PBXFrameworksBuildPhase section */

/* Begin PBXGroup section */
		2B3C3E1F22613B970026BFCE /* Models */ = {
			isa = PBXGroup;
			children = (
				2B6C8DBE2240470A00E3FE48 /* User.swift */,
				2BAC67CC2295F82A00D496DD /* FacebookUser.swift */,
				2BAC67CE2295FAF100D496DD /* GoogleUser.swift */,
			);
			path = Models;
			sourceTree = "<group>";
		};
		2B3C3E2022613C190026BFCE /* Controllers */ = {
			isa = PBXGroup;
			children = (
			);
			path = Controllers;
			sourceTree = "<group>";
		};
		2B3C3E2122613C2A0026BFCE /* Views */ = {
			isa = PBXGroup;
			children = (
			);
			path = Views;
			sourceTree = "<group>";
		};
		2B3C3E2222613C5E0026BFCE /* Services */ = {
			isa = PBXGroup;
			children = (
				2BCC772C226272650095AC3D /* Protocols */,
				2B3C3E2422616FBB0026BFCE /* UserService.swift */,
				2B3C3E262261701A0026BFCE /* SocialPostService.swift */,
				2BE9A9622270F2AC00BA54BA /* AuthenticationService.swift */,
				2B3C3E292261704D0026BFCE /* CourseService.swift */,
				2B3C3E2C2261707A0026BFCE /* LessonService.swift */,
				2B3C3E2F226170A40026BFCE /* CommentService.swift */,
				2B3C3E32226170CC0026BFCE /* LearningPostService.swift */,
				2B3C3E352261712F0026BFCE /* NotificationService.swift */,
			);
			path = Services;
			sourceTree = "<group>";
		};
		2B4DA88F20E577090072F8B0 = {
			isa = PBXGroup;
			children = (
				2B4DA89A20E5770A0072F8B0 /* Somuleco */,
				2B4DA8B220E5770B0072F8B0 /* SomulecoTests */,
				2B4DA8BD20E5770B0072F8B0 /* SomulecoUITests */,
				2B4DA89920E5770A0072F8B0 /* Products */,
				CE7435966EF1ADBCEFBD514D /* Pods */,
				5EB11B24DC3055B27E6465B5 /* Frameworks */,
			);
			sourceTree = "<group>";
		};
		2B4DA89920E5770A0072F8B0 /* Products */ = {
			isa = PBXGroup;
			children = (
				2B4DA89820E5770A0072F8B0 /* Somuleco.app */,
				2B4DA8AF20E5770B0072F8B0 /* SomulecoTests.xctest */,
				2B4DA8BA20E5770B0072F8B0 /* SomulecoUITests.xctest */,
			);
			name = Products;
			sourceTree = "<group>";
		};
		2B4DA89A20E5770A0072F8B0 /* Somuleco */ = {
			isa = PBXGroup;
			children = (
				2BCC772B22623CD10095AC3D /* ViewModels */,
				2B3C3E2222613C5E0026BFCE /* Services */,
				2B3C3E2122613C2A0026BFCE /* Views */,
				2B3C3E2022613C190026BFCE /* Controllers */,
				2B3C3E1F22613B970026BFCE /* Models */,
				2B4DA89B20E5770A0072F8B0 /* AppDelegate.swift */,
				2BF4BE6E22161763007B3A7B /* LibraryViewController.swift */,
				2B4DA89F20E5770A0072F8B0 /* Main.storyboard */,
				2B7DF8712214A1F800ACE5F6 /* UnauthenticatedStoryboard.storyboard */,
				2B7DF8732214A23600ACE5F6 /* AuthenticatedStoryboard.storyboard */,
				2B7DF8752214A24800ACE5F6 /* AuthenticationStoryboard.storyboard */,
				2BF4BE72221618E2007B3A7B /* LearningProfileViewController.swift */,
				2B9CF00A20E9E920006AB73C /* LessonFeedViewController.swift */,
				2B9CF01020E9E95A006AB73C /* NotificationsViewController.swift */,
				2B9CF00E20E9E948006AB73C /* ExploreViewController.swift */,
				2B9CF01220E9E969006AB73C /* AddFriendsViewController.swift */,
				2B9CF00C20E9E935006AB73C /* SocialFeedViewController.swift */,
				2BF4BE702216183C007B3A7B /* WalletViewController.swift */,
				2B4DA89D20E5770A0072F8B0 /* EntryViewController.swift */,
				2B9CF01420E9E9D9006AB73C /* SideNavViewController.swift */,
				2BC4E60A20E8192100C204F8 /* LoginViewController.swift */,
				2BC4E61020E8715200C204F8 /* SignupViewController.swift */,
				2BC4E60C20E81D9800C204F8 /* UIViewGradientExtension.swift */,
				2B9EB37420E6C80500035D0A /* Assets.xcassets */,
				2B4DA8A720E5770B0072F8B0 /* LaunchScreen.storyboard */,
				2BDBAB4920FF976F000A6B2F /* awsconfiguration.json */,
				2B4DA8AA20E5770B0072F8B0 /* Info.plist */,
				2B4DA8A220E5770A0072F8B0 /* Somuleco.xcdatamodeld */,
				2BC4E60E20E824E300C204F8 /* constants.swift */,
			);
			path = Somuleco;
			sourceTree = "<group>";
		};
		2B4DA8B220E5770B0072F8B0 /* SomulecoTests */ = {
			isa = PBXGroup;
			children = (
				2B4DA8B320E5770B0072F8B0 /* SomulecoTests.swift */,
				2B4DA8B520E5770B0072F8B0 /* Info.plist */,
			);
			path = SomulecoTests;
			sourceTree = "<group>";
		};
		2B4DA8BD20E5770B0072F8B0 /* SomulecoUITests */ = {
			isa = PBXGroup;
			children = (
				2B4DA8BE20E5770B0072F8B0 /* SomulecoUITests.swift */,
				2B4DA8C020E5770B0072F8B0 /* Info.plist */,
			);
			path = SomulecoUITests;
			sourceTree = "<group>";
		};
		2BCC772B22623CD10095AC3D /* ViewModels */ = {
			isa = PBXGroup;
			children = (
			);
			path = ViewModels;
			sourceTree = "<group>";
		};
		2BCC772C226272650095AC3D /* Protocols */ = {
			isa = PBXGroup;
			children = (
				2BCC772D226272870095AC3D /* PUserService.swift */,
			);
			path = Protocols;
			sourceTree = "<group>";
		};
		5EB11B24DC3055B27E6465B5 /* Frameworks */ = {
			isa = PBXGroup;
			children = (
				3BD678B0867FBCF3D937C15D /* Pods_Somuleco.framework */,
				7B525F064CA0E67303BE4431 /* Pods_SomulecoTests.framework */,
				E034AC41717589D1F3FA9248 /* Pods_SomulecoUITests.framework */,
			);
			name = Frameworks;
			sourceTree = "<group>";
		};
		CE7435966EF1ADBCEFBD514D /* Pods */ = {
			isa = PBXGroup;
			children = (
				416EB7617403DAE88D4A1129 /* Pods-Somuleco.debug.xcconfig */,
				DCE9C8FFCE426349109DA6AA /* Pods-Somuleco.release.xcconfig */,
				823D1F7E58E5698E9C102277 /* Pods-SomulecoTests.debug.xcconfig */,
				93251D9D9427F7E606099C1B /* Pods-SomulecoTests.release.xcconfig */,
				8D29F2E9F09E0ABA57429242 /* Pods-SomulecoUITests.debug.xcconfig */,
				F9E013741C7F3F88E68098C4 /* Pods-SomulecoUITests.release.xcconfig */,
			);
			name = Pods;
			sourceTree = "<group>";
		};
/* End PBXGroup section */

/* Begin PBXNativeTarget section */
		2B4DA89720E577090072F8B0 /* Somuleco */ = {
			isa = PBXNativeTarget;
			buildConfigurationList = 2B4DA8C320E5770B0072F8B0 /* Build configuration list for PBXNativeTarget "Somuleco" */;
			buildPhases = (
				F1C0E643E17081C8C40C8568 /* [CP] Check Pods Manifest.lock */,
				2B4DA89420E577090072F8B0 /* Sources */,
				2B4DA89520E577090072F8B0 /* Frameworks */,
				2B4DA89620E577090072F8B0 /* Resources */,
				227FFCA2852BA1BBBAA54908 /* [CP] Embed Pods Frameworks */,
			);
			buildRules = (
			);
			dependencies = (
			);
			name = Somuleco;
			productName = Somuleco;
			productReference = 2B4DA89820E5770A0072F8B0 /* Somuleco.app */;
			productType = "com.apple.product-type.application";
		};
		2B4DA8AE20E5770B0072F8B0 /* SomulecoTests */ = {
			isa = PBXNativeTarget;
			buildConfigurationList = 2B4DA8C620E5770B0072F8B0 /* Build configuration list for PBXNativeTarget "SomulecoTests" */;
			buildPhases = (
				9B2D3C97F4648117CA006008 /* [CP] Check Pods Manifest.lock */,
				2B4DA8AB20E5770B0072F8B0 /* Sources */,
				2B4DA8AC20E5770B0072F8B0 /* Frameworks */,
				2B4DA8AD20E5770B0072F8B0 /* Resources */,
				971D6720483B8358A730F9C4 /* [CP] Embed Pods Frameworks */,
			);
			buildRules = (
			);
			dependencies = (
				2B4DA8B120E5770B0072F8B0 /* PBXTargetDependency */,
			);
			name = SomulecoTests;
			productName = SomulecoTests;
			productReference = 2B4DA8AF20E5770B0072F8B0 /* SomulecoTests.xctest */;
			productType = "com.apple.product-type.bundle.unit-test";
		};
		2B4DA8B920E5770B0072F8B0 /* SomulecoUITests */ = {
			isa = PBXNativeTarget;
			buildConfigurationList = 2B4DA8C920E5770B0072F8B0 /* Build configuration list for PBXNativeTarget "SomulecoUITests" */;
			buildPhases = (
				A849091727ADEC6D0EE94BD4 /* [CP] Check Pods Manifest.lock */,
				2B4DA8B620E5770B0072F8B0 /* Sources */,
				2B4DA8B720E5770B0072F8B0 /* Frameworks */,
				2B4DA8B820E5770B0072F8B0 /* Resources */,
			);
			buildRules = (
			);
			dependencies = (
				2B4DA8BC20E5770B0072F8B0 /* PBXTargetDependency */,
			);
			name = SomulecoUITests;
			productName = SomulecoUITests;
			productReference = 2B4DA8BA20E5770B0072F8B0 /* SomulecoUITests.xctest */;
			productType = "com.apple.product-type.bundle.ui-testing";
		};
/* End PBXNativeTarget section */

/* Begin PBXProject section */
		2B4DA89020E577090072F8B0 /* Project object */ = {
			isa = PBXProject;
			attributes = {
				LastSwiftUpdateCheck = 0940;
				LastUpgradeCheck = 0940;
				ORGANIZATIONNAME = "Yonathan Seleshi";
				TargetAttributes = {
					2B4DA89720E577090072F8B0 = {
						CreatedOnToolsVersion = 9.4.1;
						LastSwiftMigration = 1010;
						SystemCapabilities = {
							com.apple.BackgroundModes = {
								enabled = 1;
							};
						};
					};
					2B4DA8AE20E5770B0072F8B0 = {
						CreatedOnToolsVersion = 9.4.1;
						LastSwiftMigration = 1010;
						TestTargetID = 2B4DA89720E577090072F8B0;
					};
					2B4DA8B920E5770B0072F8B0 = {
						CreatedOnToolsVersion = 9.4.1;
						LastSwiftMigration = 1010;
						TestTargetID = 2B4DA89720E577090072F8B0;
					};
				};
			};
			buildConfigurationList = 2B4DA89320E577090072F8B0 /* Build configuration list for PBXProject "Somuleco" */;
			compatibilityVersion = "Xcode 9.3";
			developmentRegion = en;
			hasScannedForEncodings = 0;
			knownRegions = (
				en,
				Base,
			);
			mainGroup = 2B4DA88F20E577090072F8B0;
			productRefGroup = 2B4DA89920E5770A0072F8B0 /* Products */;
			projectDirPath = "";
			projectRoot = "";
			targets = (
				2B4DA89720E577090072F8B0 /* Somuleco */,
				2B4DA8AE20E5770B0072F8B0 /* SomulecoTests */,
				2B4DA8B920E5770B0072F8B0 /* SomulecoUITests */,
			);
		};
/* End PBXProject section */

/* Begin PBXResourcesBuildPhase section */
		2B4DA89620E577090072F8B0 /* Resources */ = {
			isa = PBXResourcesBuildPhase;
			buildActionMask = 2147483647;
			files = (
				2BDBAB4A20FF976F000A6B2F /* awsconfiguration.json in Resources */,
				2B4DA8A920E5770B0072F8B0 /* LaunchScreen.storyboard in Resources */,
				2B9EB37520E6C80500035D0A /* Assets.xcassets in Resources */,
				2B7DF8742214A23600ACE5F6 /* AuthenticatedStoryboard.storyboard in Resources */,
				2B4DA8A120E5770A0072F8B0 /* Main.storyboard in Resources */,
				2B7DF8762214A24800ACE5F6 /* AuthenticationStoryboard.storyboard in Resources */,
				2B7DF8722214A1F800ACE5F6 /* UnauthenticatedStoryboard.storyboard in Resources */,
			);
			runOnlyForDeploymentPostprocessing = 0;
		};
		2B4DA8AD20E5770B0072F8B0 /* Resources */ = {
			isa = PBXResourcesBuildPhase;
			buildActionMask = 2147483647;
			files = (
			);
			runOnlyForDeploymentPostprocessing = 0;
		};
		2B4DA8B820E5770B0072F8B0 /* Resources */ = {
			isa = PBXResourcesBuildPhase;
			buildActionMask = 2147483647;
			files = (
			);
			runOnlyForDeploymentPostprocessing = 0;
		};
/* End PBXResourcesBuildPhase section */

/* Begin PBXShellScriptBuildPhase section */
		227FFCA2852BA1BBBAA54908 /* [CP] Embed Pods Frameworks */ = {
			isa = PBXShellScriptBuildPhase;
			buildActionMask = 2147483647;
			files = (
			);
			inputPaths = (
				"${PODS_ROOT}/Target Support Files/Pods-Somuleco/Pods-Somuleco-frameworks.sh",
				"${BUILT_PRODUCTS_DIR}/AWSAuthCore/AWSAuthCore.framework",
				"${BUILT_PRODUCTS_DIR}/AWSCognitoIdentityProvider/AWSCognitoIdentityProvider.framework",
				"${BUILT_PRODUCTS_DIR}/AWSCognitoIdentityProviderASF/AWSCognitoIdentityProviderASF.framework",
				"${BUILT_PRODUCTS_DIR}/AWSCore/AWSCore.framework",
				"${BUILT_PRODUCTS_DIR}/AWSMobileClient/AWSMobileClient.framework",
				"${BUILT_PRODUCTS_DIR}/AWSUserPoolsSignIn/AWSUserPoolsSignIn.framework",
				"${BUILT_PRODUCTS_DIR}/Alamofire/Alamofire.framework",
				"${BUILT_PRODUCTS_DIR}/Bond/Bond.framework",
				"${BUILT_PRODUCTS_DIR}/Differ/Differ.framework",
				"${BUILT_PRODUCTS_DIR}/Hero/Hero.framework",
				"${BUILT_PRODUCTS_DIR}/Moya/Moya.framework",
				"${BUILT_PRODUCTS_DIR}/ReSwift/ReSwift.framework",
				"${BUILT_PRODUCTS_DIR}/ReactiveKit/ReactiveKit.framework",
				"${BUILT_PRODUCTS_DIR}/Realm/Realm.framework",
				"${BUILT_PRODUCTS_DIR}/RealmSwift/RealmSwift.framework",
				"${BUILT_PRODUCTS_DIR}/Result/Result.framework",
				"${BUILT_PRODUCTS_DIR}/RxAtomic/RxAtomic.framework",
				"${BUILT_PRODUCTS_DIR}/RxCocoa/RxCocoa.framework",
				"${BUILT_PRODUCTS_DIR}/RxSwift/RxSwift.framework",
				"${BUILT_PRODUCTS_DIR}/SideMenu/SideMenu.framework",
				"${BUILT_PRODUCTS_DIR}/SidebarOverlay/SidebarOverlay.framework",
				"${BUILT_PRODUCTS_DIR}/SwiftyJSON/SwiftyJSON.framework",
			);
			name = "[CP] Embed Pods Frameworks";
			outputPaths = (
				"${TARGET_BUILD_DIR}/${FRAMEWORKS_FOLDER_PATH}/AWSAuthCore.framework",
				"${TARGET_BUILD_DIR}/${FRAMEWORKS_FOLDER_PATH}/AWSCognitoIdentityProvider.framework",
				"${TARGET_BUILD_DIR}/${FRAMEWORKS_FOLDER_PATH}/AWSCognitoIdentityProviderASF.framework",
				"${TARGET_BUILD_DIR}/${FRAMEWORKS_FOLDER_PATH}/AWSCore.framework",
				"${TARGET_BUILD_DIR}/${FRAMEWORKS_FOLDER_PATH}/AWSMobileClient.framework",
				"${TARGET_BUILD_DIR}/${FRAMEWORKS_FOLDER_PATH}/AWSUserPoolsSignIn.framework",
				"${TARGET_BUILD_DIR}/${FRAMEWORKS_FOLDER_PATH}/Alamofire.framework",
				"${TARGET_BUILD_DIR}/${FRAMEWORKS_FOLDER_PATH}/Bond.framework",
				"${TARGET_BUILD_DIR}/${FRAMEWORKS_FOLDER_PATH}/Differ.framework",
				"${TARGET_BUILD_DIR}/${FRAMEWORKS_FOLDER_PATH}/Hero.framework",
				"${TARGET_BUILD_DIR}/${FRAMEWORKS_FOLDER_PATH}/Moya.framework",
				"${TARGET_BUILD_DIR}/${FRAMEWORKS_FOLDER_PATH}/ReSwift.framework",
				"${TARGET_BUILD_DIR}/${FRAMEWORKS_FOLDER_PATH}/ReactiveKit.framework",
				"${TARGET_BUILD_DIR}/${FRAMEWORKS_FOLDER_PATH}/Realm.framework",
				"${TARGET_BUILD_DIR}/${FRAMEWORKS_FOLDER_PATH}/RealmSwift.framework",
				"${TARGET_BUILD_DIR}/${FRAMEWORKS_FOLDER_PATH}/Result.framework",
				"${TARGET_BUILD_DIR}/${FRAMEWORKS_FOLDER_PATH}/RxAtomic.framework",
				"${TARGET_BUILD_DIR}/${FRAMEWORKS_FOLDER_PATH}/RxCocoa.framework",
				"${TARGET_BUILD_DIR}/${FRAMEWORKS_FOLDER_PATH}/RxSwift.framework",
				"${TARGET_BUILD_DIR}/${FRAMEWORKS_FOLDER_PATH}/SideMenu.framework",
				"${TARGET_BUILD_DIR}/${FRAMEWORKS_FOLDER_PATH}/SidebarOverlay.framework",
				"${TARGET_BUILD_DIR}/${FRAMEWORKS_FOLDER_PATH}/SwiftyJSON.framework",
			);
			runOnlyForDeploymentPostprocessing = 0;
			shellPath = /bin/sh;
			shellScript = "\"${PODS_ROOT}/Target Support Files/Pods-Somuleco/Pods-Somuleco-frameworks.sh\"\n";
			showEnvVarsInLog = 0;
		};
		971D6720483B8358A730F9C4 /* [CP] Embed Pods Frameworks */ = {
			isa = PBXShellScriptBuildPhase;
			buildActionMask = 2147483647;
			files = (
			);
			inputFileListPaths = (
			);
			inputPaths = (
				"${PODS_ROOT}/Target Support Files/Pods-SomulecoTests/Pods-SomulecoTests-frameworks.sh",
				"${BUILT_PRODUCTS_DIR}/RxAtomic/RxAtomic.framework",
				"${BUILT_PRODUCTS_DIR}/RxSwift/RxSwift.framework",
				"${BUILT_PRODUCTS_DIR}/RxBlocking/RxBlocking.framework",
				"${BUILT_PRODUCTS_DIR}/RxTest/RxTest.framework",
			);
			name = "[CP] Embed Pods Frameworks";
			outputFileListPaths = (
			);
			outputPaths = (
				"${TARGET_BUILD_DIR}/${FRAMEWORKS_FOLDER_PATH}/RxAtomic.framework",
				"${TARGET_BUILD_DIR}/${FRAMEWORKS_FOLDER_PATH}/RxSwift.framework",
				"${TARGET_BUILD_DIR}/${FRAMEWORKS_FOLDER_PATH}/RxBlocking.framework",
				"${TARGET_BUILD_DIR}/${FRAMEWORKS_FOLDER_PATH}/RxTest.framework",
			);
			runOnlyForDeploymentPostprocessing = 0;
			shellPath = /bin/sh;
			shellScript = "\"${PODS_ROOT}/Target Support Files/Pods-SomulecoTests/Pods-SomulecoTests-frameworks.sh\"\n";
			showEnvVarsInLog = 0;
		};
		9B2D3C97F4648117CA006008 /* [CP] Check Pods Manifest.lock */ = {
			isa = PBXShellScriptBuildPhase;
			buildActionMask = 2147483647;
			files = (
			);
			inputPaths = (
				"${PODS_PODFILE_DIR_PATH}/Podfile.lock",
				"${PODS_ROOT}/Manifest.lock",
			);
			name = "[CP] Check Pods Manifest.lock";
			outputPaths = (
				"$(DERIVED_FILE_DIR)/Pods-SomulecoTests-checkManifestLockResult.txt",
			);
			runOnlyForDeploymentPostprocessing = 0;
			shellPath = /bin/sh;
			shellScript = "diff \"${PODS_PODFILE_DIR_PATH}/Podfile.lock\" \"${PODS_ROOT}/Manifest.lock\" > /dev/null\nif [ $? != 0 ] ; then\n    # print error to STDERR\n    echo \"error: The sandbox is not in sync with the Podfile.lock. Run 'pod install' or update your CocoaPods installation.\" >&2\n    exit 1\nfi\n# This output is used by Xcode 'outputs' to avoid re-running this script phase.\necho \"SUCCESS\" > \"${SCRIPT_OUTPUT_FILE_0}\"\n";
			showEnvVarsInLog = 0;
		};
		A849091727ADEC6D0EE94BD4 /* [CP] Check Pods Manifest.lock */ = {
			isa = PBXShellScriptBuildPhase;
			buildActionMask = 2147483647;
			files = (
			);
			inputPaths = (
				"${PODS_PODFILE_DIR_PATH}/Podfile.lock",
				"${PODS_ROOT}/Manifest.lock",
			);
			name = "[CP] Check Pods Manifest.lock";
			outputPaths = (
				"$(DERIVED_FILE_DIR)/Pods-SomulecoUITests-checkManifestLockResult.txt",
			);
			runOnlyForDeploymentPostprocessing = 0;
			shellPath = /bin/sh;
			shellScript = "diff \"${PODS_PODFILE_DIR_PATH}/Podfile.lock\" \"${PODS_ROOT}/Manifest.lock\" > /dev/null\nif [ $? != 0 ] ; then\n    # print error to STDERR\n    echo \"error: The sandbox is not in sync with the Podfile.lock. Run 'pod install' or update your CocoaPods installation.\" >&2\n    exit 1\nfi\n# This output is used by Xcode 'outputs' to avoid re-running this script phase.\necho \"SUCCESS\" > \"${SCRIPT_OUTPUT_FILE_0}\"\n";
			showEnvVarsInLog = 0;
		};
		F1C0E643E17081C8C40C8568 /* [CP] Check Pods Manifest.lock */ = {
			isa = PBXShellScriptBuildPhase;
			buildActionMask = 2147483647;
			files = (
			);
			inputPaths = (
				"${PODS_PODFILE_DIR_PATH}/Podfile.lock",
				"${PODS_ROOT}/Manifest.lock",
			);
			name = "[CP] Check Pods Manifest.lock";
			outputPaths = (
				"$(DERIVED_FILE_DIR)/Pods-Somuleco-checkManifestLockResult.txt",
			);
			runOnlyForDeploymentPostprocessing = 0;
			shellPath = /bin/sh;
			shellScript = "diff \"${PODS_PODFILE_DIR_PATH}/Podfile.lock\" \"${PODS_ROOT}/Manifest.lock\" > /dev/null\nif [ $? != 0 ] ; then\n    # print error to STDERR\n    echo \"error: The sandbox is not in sync with the Podfile.lock. Run 'pod install' or update your CocoaPods installation.\" >&2\n    exit 1\nfi\n# This output is used by Xcode 'outputs' to avoid re-running this script phase.\necho \"SUCCESS\" > \"${SCRIPT_OUTPUT_FILE_0}\"\n";
			showEnvVarsInLog = 0;
		};
/* End PBXShellScriptBuildPhase section */

/* Begin PBXSourcesBuildPhase section */
		2B4DA89420E577090072F8B0 /* Sources */ = {
			isa = PBXSourcesBuildPhase;
			buildActionMask = 2147483647;
			files = (
				2B9CF01320E9E969006AB73C /* AddFriendsViewController.swift in Sources */,
				2B9CF00B20E9E920006AB73C /* LessonFeedViewController.swift in Sources */,
				2B3C3E2522616FBB0026BFCE /* UserService.swift in Sources */,
				2B3C3E2D2261707A0026BFCE /* LessonService.swift in Sources */,
				2B3C3E362261712F0026BFCE /* NotificationService.swift in Sources */,
				2BC4E60B20E8192100C204F8 /* LoginViewController.swift in Sources */,
				2BAC67CD2295F82A00D496DD /* FacebookUser.swift in Sources */,
				2B3C3E272261701A0026BFCE /* SocialPostService.swift in Sources */,
				2B9CF00F20E9E948006AB73C /* ExploreViewController.swift in Sources */,
				2BF4BE6F22161763007B3A7B /* LibraryViewController.swift in Sources */,
				2BCC772E226272870095AC3D /* PUserService.swift in Sources */,
				2B9CF01520E9E9D9006AB73C /* SideNavViewController.swift in Sources */,
				2BE9A9632270F2AC00BA54BA /* AuthenticationService.swift in Sources */,
				2B3C3E2A2261704D0026BFCE /* CourseService.swift in Sources */,
				2BC4E61120E8715200C204F8 /* SignupViewController.swift in Sources */,
				2B6C8DBF2240470A00E3FE48 /* User.swift in Sources */,
				2BC4E60D20E81D9800C204F8 /* UIViewGradientExtension.swift in Sources */,
				2B3C3E33226170CC0026BFCE /* LearningPostService.swift in Sources */,
				2B9CF00D20E9E935006AB73C /* SocialFeedViewController.swift in Sources */,
				2BAC67CF2295FAF100D496DD /* GoogleUser.swift in Sources */,
				2B4DA8A420E5770A0072F8B0 /* Somuleco.xcdatamodeld in Sources */,
				2B4DA89E20E5770A0072F8B0 /* EntryViewController.swift in Sources */,
				2B9CF01120E9E95A006AB73C /* NotificationsViewController.swift in Sources */,
				2B4DA89C20E5770A0072F8B0 /* AppDelegate.swift in Sources */,
				2BC4E60F20E824E300C204F8 /* constants.swift in Sources */,
				2B3C3E30226170A40026BFCE /* CommentService.swift in Sources */,
				2BF4BE73221618E2007B3A7B /* LearningProfileViewController.swift in Sources */,
				2BF4BE712216183C007B3A7B /* WalletViewController.swift in Sources */,
			);
			runOnlyForDeploymentPostprocessing = 0;
		};
		2B4DA8AB20E5770B0072F8B0 /* Sources */ = {
			isa = PBXSourcesBuildPhase;
			buildActionMask = 2147483647;
			files = (
				2B3C3E282261701A0026BFCE /* SocialPostService.swift in Sources */,
				2B4DA8B420E5770B0072F8B0 /* SomulecoTests.swift in Sources */,
				2B3C3E372261712F0026BFCE /* NotificationService.swift in Sources */,
				2B3C3E2B2261704D0026BFCE /* CourseService.swift in Sources */,
				2B3C3E34226170CC0026BFCE /* LearningPostService.swift in Sources */,
				2B3C3E31226170A40026BFCE /* CommentService.swift in Sources */,
				2B3C3E2E2261707A0026BFCE /* LessonService.swift in Sources */,
			);
			runOnlyForDeploymentPostprocessing = 0;
		};
		2B4DA8B620E5770B0072F8B0 /* Sources */ = {
			isa = PBXSourcesBuildPhase;
			buildActionMask = 2147483647;
			files = (
				2B4DA8BF20E5770B0072F8B0 /* SomulecoUITests.swift in Sources */,
			);
			runOnlyForDeploymentPostprocessing = 0;
		};
/* End PBXSourcesBuildPhase section */

/* Begin PBXTargetDependency section */
		2B4DA8B120E5770B0072F8B0 /* PBXTargetDependency */ = {
			isa = PBXTargetDependency;
			target = 2B4DA89720E577090072F8B0 /* Somuleco */;
			targetProxy = 2B4DA8B020E5770B0072F8B0 /* PBXContainerItemProxy */;
		};
		2B4DA8BC20E5770B0072F8B0 /* PBXTargetDependency */ = {
			isa = PBXTargetDependency;
			target = 2B4DA89720E577090072F8B0 /* Somuleco */;
			targetProxy = 2B4DA8BB20E5770B0072F8B0 /* PBXContainerItemProxy */;
		};
/* End PBXTargetDependency section */

/* Begin PBXVariantGroup section */
		2B4DA89F20E5770A0072F8B0 /* Main.storyboard */ = {
			isa = PBXVariantGroup;
			children = (
				2B4DA8A020E5770A0072F8B0 /* Base */,
			);
			name = Main.storyboard;
			sourceTree = "<group>";
		};
		2B4DA8A720E5770B0072F8B0 /* LaunchScreen.storyboard */ = {
			isa = PBXVariantGroup;
			children = (
				2B4DA8A820E5770B0072F8B0 /* Base */,
			);
			name = LaunchScreen.storyboard;
			sourceTree = "<group>";
		};
/* End PBXVariantGroup section */

/* Begin XCBuildConfiguration section */
		2B4DA8C120E5770B0072F8B0 /* Debug */ = {
			isa = XCBuildConfiguration;
			buildSettings = {
				ALWAYS_SEARCH_USER_PATHS = NO;
				CLANG_ANALYZER_NONNULL = YES;
				CLANG_ANALYZER_NUMBER_OBJECT_CONVERSION = YES_AGGRESSIVE;
				CLANG_CXX_LANGUAGE_STANDARD = "gnu++14";
				CLANG_CXX_LIBRARY = "libc++";
				CLANG_ENABLE_MODULES = YES;
				CLANG_ENABLE_OBJC_ARC = YES;
				CLANG_ENABLE_OBJC_WEAK = YES;
				CLANG_WARN_BLOCK_CAPTURE_AUTORELEASING = YES;
				CLANG_WARN_BOOL_CONVERSION = YES;
				CLANG_WARN_COMMA = YES;
				CLANG_WARN_CONSTANT_CONVERSION = YES;
				CLANG_WARN_DEPRECATED_OBJC_IMPLEMENTATIONS = YES;
				CLANG_WARN_DIRECT_OBJC_ISA_USAGE = YES_ERROR;
				CLANG_WARN_DOCUMENTATION_COMMENTS = YES;
				CLANG_WARN_EMPTY_BODY = YES;
				CLANG_WARN_ENUM_CONVERSION = YES;
				CLANG_WARN_INFINITE_RECURSION = YES;
				CLANG_WARN_INT_CONVERSION = YES;
				CLANG_WARN_NON_LITERAL_NULL_CONVERSION = YES;
				CLANG_WARN_OBJC_IMPLICIT_RETAIN_SELF = YES;
				CLANG_WARN_OBJC_LITERAL_CONVERSION = YES;
				CLANG_WARN_OBJC_ROOT_CLASS = YES_ERROR;
				CLANG_WARN_RANGE_LOOP_ANALYSIS = YES;
				CLANG_WARN_STRICT_PROTOTYPES = YES;
				CLANG_WARN_SUSPICIOUS_MOVE = YES;
				CLANG_WARN_UNGUARDED_AVAILABILITY = YES_AGGRESSIVE;
				CLANG_WARN_UNREACHABLE_CODE = YES;
				CLANG_WARN__DUPLICATE_METHOD_MATCH = YES;
				CODE_SIGN_IDENTITY = "iPhone Developer";
				COPY_PHASE_STRIP = NO;
				DEBUG_INFORMATION_FORMAT = dwarf;
				ENABLE_STRICT_OBJC_MSGSEND = YES;
				ENABLE_TESTABILITY = YES;
				GCC_C_LANGUAGE_STANDARD = gnu11;
				GCC_DYNAMIC_NO_PIC = NO;
				GCC_NO_COMMON_BLOCKS = YES;
				GCC_OPTIMIZATION_LEVEL = 0;
				GCC_PREPROCESSOR_DEFINITIONS = (
					"DEBUG=1",
					"$(inherited)",
				);
				GCC_WARN_64_TO_32_BIT_CONVERSION = YES;
				GCC_WARN_ABOUT_RETURN_TYPE = YES_ERROR;
				GCC_WARN_UNDECLARED_SELECTOR = YES;
				GCC_WARN_UNINITIALIZED_AUTOS = YES_AGGRESSIVE;
				GCC_WARN_UNUSED_FUNCTION = YES;
				GCC_WARN_UNUSED_VARIABLE = YES;
				IPHONEOS_DEPLOYMENT_TARGET = 11.4;
				MTL_ENABLE_DEBUG_INFO = YES;
				ONLY_ACTIVE_ARCH = YES;
				SDKROOT = iphoneos;
				SWIFT_ACTIVE_COMPILATION_CONDITIONS = DEBUG;
				SWIFT_OPTIMIZATION_LEVEL = "-Onone";
			};
			name = Debug;
		};
		2B4DA8C220E5770B0072F8B0 /* Release */ = {
			isa = XCBuildConfiguration;
			buildSettings = {
				ALWAYS_SEARCH_USER_PATHS = NO;
				CLANG_ANALYZER_NONNULL = YES;
				CLANG_ANALYZER_NUMBER_OBJECT_CONVERSION = YES_AGGRESSIVE;
				CLANG_CXX_LANGUAGE_STANDARD = "gnu++14";
				CLANG_CXX_LIBRARY = "libc++";
				CLANG_ENABLE_MODULES = YES;
				CLANG_ENABLE_OBJC_ARC = YES;
				CLANG_ENABLE_OBJC_WEAK = YES;
				CLANG_WARN_BLOCK_CAPTURE_AUTORELEASING = YES;
				CLANG_WARN_BOOL_CONVERSION = YES;
				CLANG_WARN_COMMA = YES;
				CLANG_WARN_CONSTANT_CONVERSION = YES;
				CLANG_WARN_DEPRECATED_OBJC_IMPLEMENTATIONS = YES;
				CLANG_WARN_DIRECT_OBJC_ISA_USAGE = YES_ERROR;
				CLANG_WARN_DOCUMENTATION_COMMENTS = YES;
				CLANG_WARN_EMPTY_BODY = YES;
				CLANG_WARN_ENUM_CONVERSION = YES;
				CLANG_WARN_INFINITE_RECURSION = YES;
				CLANG_WARN_INT_CONVERSION = YES;
				CLANG_WARN_NON_LITERAL_NULL_CONVERSION = YES;
				CLANG_WARN_OBJC_IMPLICIT_RETAIN_SELF = YES;
				CLANG_WARN_OBJC_LITERAL_CONVERSION = YES;
				CLANG_WARN_OBJC_ROOT_CLASS = YES_ERROR;
				CLANG_WARN_RANGE_LOOP_ANALYSIS = YES;
				CLANG_WARN_STRICT_PROTOTYPES = YES;
				CLANG_WARN_SUSPICIOUS_MOVE = YES;
				CLANG_WARN_UNGUARDED_AVAILABILITY = YES_AGGRESSIVE;
				CLANG_WARN_UNREACHABLE_CODE = YES;
				CLANG_WARN__DUPLICATE_METHOD_MATCH = YES;
				CODE_SIGN_IDENTITY = "iPhone Developer";
				COPY_PHASE_STRIP = NO;
				DEBUG_INFORMATION_FORMAT = "dwarf-with-dsym";
				ENABLE_NS_ASSERTIONS = NO;
				ENABLE_STRICT_OBJC_MSGSEND = YES;
				GCC_C_LANGUAGE_STANDARD = gnu11;
				GCC_NO_COMMON_BLOCKS = YES;
				GCC_WARN_64_TO_32_BIT_CONVERSION = YES;
				GCC_WARN_ABOUT_RETURN_TYPE = YES_ERROR;
				GCC_WARN_UNDECLARED_SELECTOR = YES;
				GCC_WARN_UNINITIALIZED_AUTOS = YES_AGGRESSIVE;
				GCC_WARN_UNUSED_FUNCTION = YES;
				GCC_WARN_UNUSED_VARIABLE = YES;
				IPHONEOS_DEPLOYMENT_TARGET = 11.4;
				MTL_ENABLE_DEBUG_INFO = NO;
				SDKROOT = iphoneos;
				SWIFT_COMPILATION_MODE = wholemodule;
				SWIFT_OPTIMIZATION_LEVEL = "-O";
				VALIDATE_PRODUCT = YES;
			};
			name = Release;
		};
		2B4DA8C420E5770B0072F8B0 /* Debug */ = {
			isa = XCBuildConfiguration;
			baseConfigurationReference = 416EB7617403DAE88D4A1129 /* Pods-Somuleco.debug.xcconfig */;
			buildSettings = {
				ASSETCATALOG_COMPILER_APPICON_NAME = AppIcon;
				CODE_SIGN_STYLE = Automatic;
				DEVELOPMENT_TEAM = Z9EBC75M88;
				INFOPLIST_FILE = Somuleco/Info.plist;
				LD_RUNPATH_SEARCH_PATHS = (
					"$(inherited)",
					"@executable_path/Frameworks",
				);
				PRODUCT_BUNDLE_IDENTIFIER = com.somuleco.Somuleco;
				PRODUCT_NAME = "$(TARGET_NAME)";
				SWIFT_VERSION = 4.2;
				TARGETED_DEVICE_FAMILY = "1,2";
			};
			name = Debug;
		};
		2B4DA8C520E5770B0072F8B0 /* Release */ = {
			isa = XCBuildConfiguration;
			baseConfigurationReference = DCE9C8FFCE426349109DA6AA /* Pods-Somuleco.release.xcconfig */;
			buildSettings = {
				ASSETCATALOG_COMPILER_APPICON_NAME = AppIcon;
				CODE_SIGN_STYLE = Automatic;
				DEVELOPMENT_TEAM = Z9EBC75M88;
				INFOPLIST_FILE = Somuleco/Info.plist;
				LD_RUNPATH_SEARCH_PATHS = (
					"$(inherited)",
					"@executable_path/Frameworks",
				);
				PRODUCT_BUNDLE_IDENTIFIER = com.somuleco.Somuleco;
				PRODUCT_NAME = "$(TARGET_NAME)";
				SWIFT_VERSION = 4.2;
				TARGETED_DEVICE_FAMILY = "1,2";
			};
			name = Release;
		};
		2B4DA8C720E5770B0072F8B0 /* Debug */ = {
			isa = XCBuildConfiguration;
			baseConfigurationReference = 823D1F7E58E5698E9C102277 /* Pods-SomulecoTests.debug.xcconfig */;
			buildSettings = {
				ALWAYS_EMBED_SWIFT_STANDARD_LIBRARIES = YES;
				BUNDLE_LOADER = "$(TEST_HOST)";
				CODE_SIGN_STYLE = Automatic;
				INFOPLIST_FILE = SomulecoTests/Info.plist;
				LD_RUNPATH_SEARCH_PATHS = (
					"$(inherited)",
					"@executable_path/Frameworks",
					"@loader_path/Frameworks",
				);
				PRODUCT_BUNDLE_IDENTIFIER = com.somuleco.SomulecoTests;
				PRODUCT_NAME = "$(TARGET_NAME)";
				SWIFT_VERSION = 4.2;
				TARGETED_DEVICE_FAMILY = "1,2";
				TEST_HOST = "$(BUILT_PRODUCTS_DIR)/Somuleco.app/Somuleco";
			};
			name = Debug;
		};
		2B4DA8C820E5770B0072F8B0 /* Release */ = {
			isa = XCBuildConfiguration;
			baseConfigurationReference = 93251D9D9427F7E606099C1B /* Pods-SomulecoTests.release.xcconfig */;
			buildSettings = {
				ALWAYS_EMBED_SWIFT_STANDARD_LIBRARIES = YES;
				BUNDLE_LOADER = "$(TEST_HOST)";
				CODE_SIGN_STYLE = Automatic;
				INFOPLIST_FILE = SomulecoTests/Info.plist;
				LD_RUNPATH_SEARCH_PATHS = (
					"$(inherited)",
					"@executable_path/Frameworks",
					"@loader_path/Frameworks",
				);
				PRODUCT_BUNDLE_IDENTIFIER = com.somuleco.SomulecoTests;
				PRODUCT_NAME = "$(TARGET_NAME)";
				SWIFT_VERSION = 4.2;
				TARGETED_DEVICE_FAMILY = "1,2";
				TEST_HOST = "$(BUILT_PRODUCTS_DIR)/Somuleco.app/Somuleco";
			};
			name = Release;
		};
		2B4DA8CA20E5770B0072F8B0 /* Debug */ = {
			isa = XCBuildConfiguration;
			baseConfigurationReference = 8D29F2E9F09E0ABA57429242 /* Pods-SomulecoUITests.debug.xcconfig */;
			buildSettings = {
				ALWAYS_EMBED_SWIFT_STANDARD_LIBRARIES = YES;
				CODE_SIGN_STYLE = Automatic;
				INFOPLIST_FILE = SomulecoUITests/Info.plist;
				LD_RUNPATH_SEARCH_PATHS = (
					"$(inherited)",
					"@executable_path/Frameworks",
					"@loader_path/Frameworks",
				);
				PRODUCT_BUNDLE_IDENTIFIER = com.somuleco.SomulecoUITests;
				PRODUCT_NAME = "$(TARGET_NAME)";
				SWIFT_VERSION = 4.2;
				TARGETED_DEVICE_FAMILY = "1,2";
				TEST_TARGET_NAME = Somuleco;
			};
			name = Debug;
		};
		2B4DA8CB20E5770B0072F8B0 /* Release */ = {
			isa = XCBuildConfiguration;
			baseConfigurationReference = F9E013741C7F3F88E68098C4 /* Pods-SomulecoUITests.release.xcconfig */;
			buildSettings = {
				ALWAYS_EMBED_SWIFT_STANDARD_LIBRARIES = YES;
				CODE_SIGN_STYLE = Automatic;
				INFOPLIST_FILE = SomulecoUITests/Info.plist;
				LD_RUNPATH_SEARCH_PATHS = (
					"$(inherited)",
					"@executable_path/Frameworks",
					"@loader_path/Frameworks",
				);
				PRODUCT_BUNDLE_IDENTIFIER = com.somuleco.SomulecoUITests;
				PRODUCT_NAME = "$(TARGET_NAME)";
				SWIFT_VERSION = 4.2;
				TARGETED_DEVICE_FAMILY = "1,2";
				TEST_TARGET_NAME = Somuleco;
			};
			name = Release;
		};
/* End XCBuildConfiguration section */

/* Begin XCConfigurationList section */
		2B4DA89320E577090072F8B0 /* Build configuration list for PBXProject "Somuleco" */ = {
			isa = XCConfigurationList;
			buildConfigurations = (
				2B4DA8C120E5770B0072F8B0 /* Debug */,
				2B4DA8C220E5770B0072F8B0 /* Release */,
			);
			defaultConfigurationIsVisible = 0;
			defaultConfigurationName = Release;
		};
		2B4DA8C320E5770B0072F8B0 /* Build configuration list for PBXNativeTarget "Somuleco" */ = {
			isa = XCConfigurationList;
			buildConfigurations = (
				2B4DA8C420E5770B0072F8B0 /* Debug */,
				2B4DA8C520E5770B0072F8B0 /* Release */,
			);
			defaultConfigurationIsVisible = 0;
			defaultConfigurationName = Release;
		};
		2B4DA8C620E5770B0072F8B0 /* Build configuration list for PBXNativeTarget "SomulecoTests" */ = {
			isa = XCConfigurationList;
			buildConfigurations = (
				2B4DA8C720E5770B0072F8B0 /* Debug */,
				2B4DA8C820E5770B0072F8B0 /* Release */,
			);
			defaultConfigurationIsVisible = 0;
			defaultConfigurationName = Release;
		};
		2B4DA8C920E5770B0072F8B0 /* Build configuration list for PBXNativeTarget "SomulecoUITests" */ = {
			isa = XCConfigurationList;
			buildConfigurations = (
				2B4DA8CA20E5770B0072F8B0 /* Debug */,
				2B4DA8CB20E5770B0072F8B0 /* Release */,
			);
			defaultConfigurationIsVisible = 0;
			defaultConfigurationName = Release;
		};
/* End XCConfigurationList section */

/* Begin XCVersionGroup section */
		2B4DA8A220E5770A0072F8B0 /* Somuleco.xcdatamodeld */ = {
			isa = XCVersionGroup;
			children = (
				2B4DA8A320E5770A0072F8B0 /* Somuleco.xcdatamodel */,
			);
			currentVersion = 2B4DA8A320E5770A0072F8B0 /* Somuleco.xcdatamodel */;
			path = Somuleco.xcdatamodeld;
			sourceTree = "<group>";
			versionGroupType = wrapper.xcdatamodel;
		};
/* End XCVersionGroup section */
	};
	rootObject = 2B4DA89020E577090072F8B0 /* Project object */;
}
