// !$*UTF8*$!
{
	archiveVersion = 1;
	classes = {
	};
	objectVersion = 50;
	objects = {

/* Begin PBXBuildFile section */
		2B4DA89C20E5770A0072F8B0 /* AppDelegate.swift in Sources */ = {isa = PBXBuildFile; fileRef = 2B4DA89B20E5770A0072F8B0 /* AppDelegate.swift */; };
		2B4DA89E20E5770A0072F8B0 /* ViewController.swift in Sources */ = {isa = PBXBuildFile; fileRef = 2B4DA89D20E5770A0072F8B0 /* ViewController.swift */; };
		2B4DA8A120E5770A0072F8B0 /* Main.storyboard in Resources */ = {isa = PBXBuildFile; fileRef = 2B4DA89F20E5770A0072F8B0 /* Main.storyboard */; };
		2B4DA8A420E5770A0072F8B0 /* Somuleco.xcdatamodeld in Sources */ = {isa = PBXBuildFile; fileRef = 2B4DA8A220E5770A0072F8B0 /* Somuleco.xcdatamodeld */; };
		2B4DA8A620E5770B0072F8B0 /* Assets.xcassets in Resources */ = {isa = PBXBuildFile; fileRef = 2B4DA8A520E5770B0072F8B0 /* Assets.xcassets */; };
		2B4DA8A920E5770B0072F8B0 /* LaunchScreen.storyboard in Resources */ = {isa = PBXBuildFile; fileRef = 2B4DA8A720E5770B0072F8B0 /* LaunchScreen.storyboard */; };
		2B4DA8B420E5770B0072F8B0 /* SomulecoTests.swift in Sources */ = {isa = PBXBuildFile; fileRef = 2B4DA8B320E5770B0072F8B0 /* SomulecoTests.swift */; };
		2B4DA8BF20E5770B0072F8B0 /* SomulecoUITests.swift in Sources */ = {isa = PBXBuildFile; fileRef = 2B4DA8BE20E5770B0072F8B0 /* SomulecoUITests.swift */; };
/* End PBXBuildFile section */

/* Begin PBXContainerItemProxy section */
		2B4DA8B020E5770B0072F8B0 /* PBXContainerItemProxy */ = {
			isa = PBXContainerItemProxy;
			containerPortal = 2B4DA89020E577090072F8B0 /* Project object */;
			proxyType = 1;
			remoteGlobalIDString = 2B4DA89720E577090072F8B0;
			remoteInfo = Somuleco;
		};
		2B4DA8BB20E5770B0072F8B0 /* PBXContainerItemProxy */ = {
			isa = PBXContainerItemProxy;
			containerPortal = 2B4DA89020E577090072F8B0 /* Project object */;
			proxyType = 1;
			remoteGlobalIDString = 2B4DA89720E577090072F8B0;
			remoteInfo = Somuleco;
		};
/* End PBXContainerItemProxy section */

/* Begin PBXFileReference section */
		2B4DA89820E5770A0072F8B0 /* Somuleco.app */ = {isa = PBXFileReference; explicitFileType = wrapper.application; includeInIndex = 0; path = Somuleco.app; sourceTree = BUILT_PRODUCTS_DIR; };
		2B4DA89B20E5770A0072F8B0 /* AppDelegate.swift */ = {isa = PBXFileReference; lastKnownFileType = sourcecode.swift; path = AppDelegate.swift; sourceTree = "<group>"; };
		2B4DA89D20E5770A0072F8B0 /* ViewController.swift */ = {isa = PBXFileReference; lastKnownFileType = sourcecode.swift; path = ViewController.swift; sourceTree = "<group>"; };
		2B4DA8A020E5770A0072F8B0 /* Base */ = {isa = PBXFileReference; lastKnownFileType = file.storyboard; name = Base; path = Base.lproj/Main.storyboard; sourceTree = "<group>"; };
		2B4DA8A320E5770A0072F8B0 /* Somuleco.xcdatamodel */ = {isa = PBXFileReference; lastKnownFileType = wrapper.xcdatamodel; path = Somuleco.xcdatamodel; sourceTree = "<group>"; };
		2B4DA8A520E5770B0072F8B0 /* Assets.xcassets */ = {isa = PBXFileReference; lastKnownFileType = folder.assetcatalog; path = Assets.xcassets; sourceTree = "<group>"; };
		2B4DA8A820E5770B0072F8B0 /* Base */ = {isa = PBXFileReference; lastKnownFileType = file.storyboard; name = Base; path = Base.lproj/LaunchScreen.storyboard; sourceTree = "<group>"; };
		2B4DA8AA20E5770B0072F8B0 /* Info.plist */ = {isa = PBXFileReference; lastKnownFileType = text.plist.xml; path = Info.plist; sourceTree = "<group>"; };
		2B4DA8AF20E5770B0072F8B0 /* SomulecoTests.xctest */ = {isa = PBXFileReference; explicitFileType = wrapper.cfbundle; includeInIndex = 0; path = SomulecoTests.xctest; sourceTree = BUILT_PRODUCTS_DIR; };
		2B4DA8B320E5770B0072F8B0 /* SomulecoTests.swift */ = {isa = PBXFileReference; lastKnownFileType = sourcecode.swift; path = SomulecoTests.swift; sourceTree = "<group>"; };
		2B4DA8B520E5770B0072F8B0 /* Info.plist */ = {isa = PBXFileReference; lastKnownFileType = text.plist.xml; path = Info.plist; sourceTree = "<group>"; };
		2B4DA8BA20E5770B0072F8B0 /* SomulecoUITests.xctest */ = {isa = PBXFileReference; explicitFileType = wrapper.cfbundle; includeInIndex = 0; path = SomulecoUITests.xctest; sourceTree = BUILT_PRODUCTS_DIR; };
		2B4DA8BE20E5770B0072F8B0 /* SomulecoUITests.swift */ = {isa = PBXFileReference; lastKnownFileType = sourcecode.swift; path = SomulecoUITests.swift; sourceTree = "<group>"; };
		2B4DA8C020E5770B0072F8B0 /* Info.plist */ = {isa = PBXFileReference; lastKnownFileType = text.plist.xml; path = Info.plist; sourceTree = "<group>"; };
/* End PBXFileReference section */

/* Begin PBXFrameworksBuildPhase section */
		2B4DA89520E577090072F8B0 /* Frameworks */ = {
			isa = PBXFrameworksBuildPhase;
			buildActionMask = 2147483647;
			files = (
			);
			runOnlyForDeploymentPostprocessing = 0;
		};
		2B4DA8AC20E5770B0072F8B0 /* Frameworks */ = {
			isa = PBXFrameworksBuildPhase;
			buildActionMask = 2147483647;
			files = (
			);
			runOnlyForDeploymentPostprocessing = 0;
		};
		2B4DA8B720E5770B0072F8B0 /* Frameworks */ = {
			isa = PBXFrameworksBuildPhase;
			buildActionMask = 2147483647;
			files = (
			);
			runOnlyForDeploymentPostprocessing = 0;
		};
/* End PBXFrameworksBuildPhase section */

/* Begin PBXGroup section */
		2B4DA88F20E577090072F8B0 = {
			isa = PBXGroup;
			children = (
				2B4DA89A20E5770A0072F8B0 /* Somuleco */,
				2B4DA8B220E5770B0072F8B0 /* SomulecoTests */,
				2B4DA8BD20E5770B0072F8B0 /* SomulecoUITests */,
				2B4DA89920E5770A0072F8B0 /* Products */,
			);
			sourceTree = "<group>";
		};
		2B4DA89920E5770A0072F8B0 /* Products */ = {
			isa = PBXGroup;
			children = (
				2B4DA89820E5770A0072F8B0 /* Somuleco.app */,
				2B4DA8AF20E5770B0072F8B0 /* SomulecoTests.xctest */,
				2B4DA8BA20E5770B0072F8B0 /* SomulecoUITests.xctest */,
			);
			name = Products;
			sourceTree = "<group>";
		};
		2B4DA89A20E5770A0072F8B0 /* Somuleco */ = {
			isa = PBXGroup;
			children = (
				2B4DA89B20E5770A0072F8B0 /* AppDelegate.swift */,
				2B4DA89D20E5770A0072F8B0 /* ViewController.swift */,
				2B4DA89F20E5770A0072F8B0 /* Main.storyboard */,
				2B4DA8A520E5770B0072F8B0 /* Assets.xcassets */,
				2B4DA8A720E5770B0072F8B0 /* LaunchScreen.storyboard */,
				2B4DA8AA20E5770B0072F8B0 /* Info.plist */,
				2B4DA8A220E5770A0072F8B0 /* Somuleco.xcdatamodeld */,
			);
			path = Somuleco;
			sourceTree = "<group>";
		};
		2B4DA8B220E5770B0072F8B0 /* SomulecoTests */ = {
			isa = PBXGroup;
			children = (
				2B4DA8B320E5770B0072F8B0 /* SomulecoTests.swift */,
				2B4DA8B520E5770B0072F8B0 /* Info.plist */,
			);
			path = SomulecoTests;
			sourceTree = "<group>";
		};
		2B4DA8BD20E5770B0072F8B0 /* SomulecoUITests */ = {
			isa = PBXGroup;
			children = (
				2B4DA8BE20E5770B0072F8B0 /* SomulecoUITests.swift */,
				2B4DA8C020E5770B0072F8B0 /* Info.plist */,
			);
			path = SomulecoUITests;
			sourceTree = "<group>";
		};
/* End PBXGroup section */

/* Begin PBXNativeTarget section */
		2B4DA89720E577090072F8B0 /* Somuleco */ = {
			isa = PBXNativeTarget;
			buildConfigurationList = 2B4DA8C320E5770B0072F8B0 /* Build configuration list for PBXNativeTarget "Somuleco" */;
			buildPhases = (
				2B4DA89420E577090072F8B0 /* Sources */,
				2B4DA89520E577090072F8B0 /* Frameworks */,
				2B4DA89620E577090072F8B0 /* Resources */,
			);
			buildRules = (
			);
			dependencies = (
			);
			name = Somuleco;
			productName = Somuleco;
			productReference = 2B4DA89820E5770A0072F8B0 /* Somuleco.app */;
			productType = "com.apple.product-type.application";
		};
		2B4DA8AE20E5770B0072F8B0 /* SomulecoTests */ = {
			isa = PBXNativeTarget;
			buildConfigurationList = 2B4DA8C620E5770B0072F8B0 /* Build configuration list for PBXNativeTarget "SomulecoTests" */;
			buildPhases = (
				2B4DA8AB20E5770B0072F8B0 /* Sources */,
				2B4DA8AC20E5770B0072F8B0 /* Frameworks */,
				2B4DA8AD20E5770B0072F8B0 /* Resources */,
			);
			buildRules = (
			);
			dependencies = (
				2B4DA8B120E5770B0072F8B0 /* PBXTargetDependency */,
			);
			name = SomulecoTests;
			productName = SomulecoTests;
			productReference = 2B4DA8AF20E5770B0072F8B0 /* SomulecoTests.xctest */;
			productType = "com.apple.product-type.bundle.unit-test";
		};
		2B4DA8B920E5770B0072F8B0 /* SomulecoUITests */ = {
			isa = PBXNativeTarget;
			buildConfigurationList = 2B4DA8C920E5770B0072F8B0 /* Build configuration list for PBXNativeTarget "SomulecoUITests" */;
			buildPhases = (
				2B4DA8B620E5770B0072F8B0 /* Sources */,
				2B4DA8B720E5770B0072F8B0 /* Frameworks */,
				2B4DA8B820E5770B0072F8B0 /* Resources */,
			);
			buildRules = (
			);
			dependencies = (
				2B4DA8BC20E5770B0072F8B0 /* PBXTargetDependency */,
			);
			name = SomulecoUITests;
			productName = SomulecoUITests;
			productReference = 2B4DA8BA20E5770B0072F8B0 /* SomulecoUITests.xctest */;
			productType = "com.apple.product-type.bundle.ui-testing";
		};
/* End PBXNativeTarget section */

/* Begin PBXProject section */
		2B4DA89020E577090072F8B0 /* Project object */ = {
			isa = PBXProject;
			attributes = {
				LastSwiftUpdateCheck = 0940;
				LastUpgradeCheck = 0940;
				ORGANIZATIONNAME = "Yonathan Seleshi";
				TargetAttributes = {
					2B4DA89720E577090072F8B0 = {
						CreatedOnToolsVersion = 9.4.1;
					};
					2B4DA8AE20E5770B0072F8B0 = {
						CreatedOnToolsVersion = 9.4.1;
						TestTargetID = 2B4DA89720E577090072F8B0;
					};
					2B4DA8B920E5770B0072F8B0 = {
						CreatedOnToolsVersion = 9.4.1;
						TestTargetID = 2B4DA89720E577090072F8B0;
					};
				};
			};
			buildConfigurationList = 2B4DA89320E577090072F8B0 /* Build configuration list for PBXProject "Somuleco" */;
			compatibilityVersion = "Xcode 9.3";
			developmentRegion = en;
			hasScannedForEncodings = 0;
			knownRegions = (
				en,
				Base,
			);
			mainGroup = 2B4DA88F20E577090072F8B0;
			productRefGroup = 2B4DA89920E5770A0072F8B0 /* Products */;
			projectDirPath = "";
			projectRoot = "";
			targets = (
				2B4DA89720E577090072F8B0 /* Somuleco */,
				2B4DA8AE20E5770B0072F8B0 /* SomulecoTests */,
				2B4DA8B920E5770B0072F8B0 /* SomulecoUITests */,
			);
		};
/* End PBXProject section */

/* Begin PBXResourcesBuildPhase section */
		2B4DA89620E577090072F8B0 /* Resources */ = {
			isa = PBXResourcesBuildPhase;
			buildActionMask = 2147483647;
			files = (
				2B4DA8A920E5770B0072F8B0 /* LaunchScreen.storyboard in Resources */,
				2B4DA8A620E5770B0072F8B0 /* Assets.xcassets in Resources */,
				2B4DA8A120E5770A0072F8B0 /* Main.storyboard in Resources */,
			);
			runOnlyForDeploymentPostprocessing = 0;
		};
		2B4DA8AD20E5770B0072F8B0 /* Resources */ = {
			isa = PBXResourcesBuildPhase;
			buildActionMask = 2147483647;
			files = (
			);
			runOnlyForDeploymentPostprocessing = 0;
		};
		2B4DA8B820E5770B0072F8B0 /* Resources */ = {
			isa = PBXResourcesBuildPhase;
			buildActionMask = 2147483647;
			files = (
			);
			runOnlyForDeploymentPostprocessing = 0;
		};
/* End PBXResourcesBuildPhase section */

/* Begin PBXSourcesBuildPhase section */
		2B4DA89420E577090072F8B0 /* Sources */ = {
			isa = PBXSourcesBuildPhase;
			buildActionMask = 2147483647;
			files = (
				2B4DA8A420E5770A0072F8B0 /* Somuleco.xcdatamodeld in Sources */,
				2B4DA89E20E5770A0072F8B0 /* ViewController.swift in Sources */,
				2B4DA89C20E5770A0072F8B0 /* AppDelegate.swift in Sources */,
			);
			runOnlyForDeploymentPostprocessing = 0;
		};
		2B4DA8AB20E5770B0072F8B0 /* Sources */ = {
			isa = PBXSourcesBuildPhase;
			buildActionMask = 2147483647;
			files = (
				2B4DA8B420E5770B0072F8B0 /* SomulecoTests.swift in Sources */,
			);
			runOnlyForDeploymentPostprocessing = 0;
		};
		2B4DA8B620E5770B0072F8B0 /* Sources */ = {
			isa = PBXSourcesBuildPhase;
			buildActionMask = 2147483647;
			files = (
				2B4DA8BF20E5770B0072F8B0 /* SomulecoUITests.swift in Sources */,
			);
			runOnlyForDeploymentPostprocessing = 0;
		};
/* End PBXSourcesBuildPhase section */

/* Begin PBXTargetDependency section */
		2B4DA8B120E5770B0072F8B0 /* PBXTargetDependency */ = {
			isa = PBXTargetDependency;
			target = 2B4DA89720E577090072F8B0 /* Somuleco */;
			targetProxy = 2B4DA8B020E5770B0072F8B0 /* PBXContainerItemProxy */;
		};
		2B4DA8BC20E5770B0072F8B0 /* PBXTargetDependency */ = {
			isa = PBXTargetDependency;
			target = 2B4DA89720E577090072F8B0 /* Somuleco */;
			targetProxy = 2B4DA8BB20E5770B0072F8B0 /* PBXContainerItemProxy */;
		};
/* End PBXTargetDependency section */

/* Begin PBXVariantGroup section */
		2B4DA89F20E5770A0072F8B0 /* Main.storyboard */ = {
			isa = PBXVariantGroup;
			children = (
				2B4DA8A020E5770A0072F8B0 /* Base */,
			);
			name = Main.storyboard;
			sourceTree = "<group>";
		};
		2B4DA8A720E5770B0072F8B0 /* LaunchScreen.storyboard */ = {
			isa = PBXVariantGroup;
			children = (
				2B4DA8A820E5770B0072F8B0 /* Base */,
			);
			name = LaunchScreen.storyboard;
			sourceTree = "<group>";
		};
/* End PBXVariantGroup section */

/* Begin XCBuildConfiguration section */
		2B4DA8C120E5770B0072F8B0 /* Debug */ = {
			isa = XCBuildConfiguration;
			buildSettings = {
				ALWAYS_SEARCH_USER_PATHS = NO;
				CLANG_ANALYZER_NONNULL = YES;
				CLANG_ANALYZER_NUMBER_OBJECT_CONVERSION = YES_AGGRESSIVE;
				CLANG_CXX_LANGUAGE_STANDARD = "gnu++14";
				CLANG_CXX_LIBRARY = "libc++";
				CLANG_ENABLE_MODULES = YES;
				CLANG_ENABLE_OBJC_ARC = YES;
				CLANG_ENABLE_OBJC_WEAK = YES;
				CLANG_WARN_BLOCK_CAPTURE_AUTORELEASING = YES;
				CLANG_WARN_BOOL_CONVERSION = YES;
				CLANG_WARN_COMMA = YES;
				CLANG_WARN_CONSTANT_CONVERSION = YES;
				CLANG_WARN_DEPRECATED_OBJC_IMPLEMENTATIONS = YES;
				CLANG_WARN_DIRECT_OBJC_ISA_USAGE = YES_ERROR;
				CLANG_WARN_DOCUMENTATION_COMMENTS = YES;
				CLANG_WARN_EMPTY_BODY = YES;
				CLANG_WARN_ENUM_CONVERSION = YES;
				CLANG_WARN_INFINITE_RECURSION = YES;
				CLANG_WARN_INT_CONVERSION = YES;
				CLANG_WARN_NON_LITERAL_NULL_CONVERSION = YES;
				CLANG_WARN_OBJC_IMPLICIT_RETAIN_SELF = YES;
				CLANG_WARN_OBJC_LITERAL_CONVERSION = YES;
				CLANG_WARN_OBJC_ROOT_CLASS = YES_ERROR;
				CLANG_WARN_RANGE_LOOP_ANALYSIS = YES;
				CLANG_WARN_STRICT_PROTOTYPES = YES;
				CLANG_WARN_SUSPICIOUS_MOVE = YES;
				CLANG_WARN_UNGUARDED_AVAILABILITY = YES_AGGRESSIVE;
				CLANG_WARN_UNREACHABLE_CODE = YES;
				CLANG_WARN__DUPLICATE_METHOD_MATCH = YES;
				CODE_SIGN_IDENTITY = "iPhone Developer";
				COPY_PHASE_STRIP = NO;
				DEBUG_INFORMATION_FORMAT = dwarf;
				ENABLE_STRICT_OBJC_MSGSEND = YES;
				ENABLE_TESTABILITY = YES;
				GCC_C_LANGUAGE_STANDARD = gnu11;
				GCC_DYNAMIC_NO_PIC = NO;
				GCC_NO_COMMON_BLOCKS = YES;
				GCC_OPTIMIZATION_LEVEL = 0;
				GCC_PREPROCESSOR_DEFINITIONS = (
					"DEBUG=1",
					"$(inherited)",
				);
				GCC_WARN_64_TO_32_BIT_CONVERSION = YES;
				GCC_WARN_ABOUT_RETURN_TYPE = YES_ERROR;
				GCC_WARN_UNDECLARED_SELECTOR = YES;
				GCC_WARN_UNINITIALIZED_AUTOS = YES_AGGRESSIVE;
				GCC_WARN_UNUSED_FUNCTION = YES;
				GCC_WARN_UNUSED_VARIABLE = YES;
				IPHONEOS_DEPLOYMENT_TARGET = 11.4;
				MTL_ENABLE_DEBUG_INFO = YES;
				ONLY_ACTIVE_ARCH = YES;
				SDKROOT = iphoneos;
				SWIFT_ACTIVE_COMPILATION_CONDITIONS = DEBUG;
				SWIFT_OPTIMIZATION_LEVEL = "-Onone";
			};
			name = Debug;
		};
		2B4DA8C220E5770B0072F8B0 /* Release */ = {
			isa = XCBuildConfiguration;
			buildSettings = {
				ALWAYS_SEARCH_USER_PATHS = NO;
				CLANG_ANALYZER_NONNULL = YES;
				CLANG_ANALYZER_NUMBER_OBJECT_CONVERSION = YES_AGGRESSIVE;
				CLANG_CXX_LANGUAGE_STANDARD = "gnu++14";
				CLANG_CXX_LIBRARY = "libc++";
				CLANG_ENABLE_MODULES = YES;
				CLANG_ENABLE_OBJC_ARC = YES;
				CLANG_ENABLE_OBJC_WEAK = YES;
				CLANG_WARN_BLOCK_CAPTURE_AUTORELEASING = YES;
				CLANG_WARN_BOOL_CONVERSION = YES;
				CLANG_WARN_COMMA = YES;
				CLANG_WARN_CONSTANT_CONVERSION = YES;
				CLANG_WARN_DEPRECATED_OBJC_IMPLEMENTATIONS = YES;
				CLANG_WARN_DIRECT_OBJC_ISA_USAGE = YES_ERROR;
				CLANG_WARN_DOCUMENTATION_COMMENTS = YES;
				CLANG_WARN_EMPTY_BODY = YES;
				CLANG_WARN_ENUM_CONVERSION = YES;
				CLANG_WARN_INFINITE_RECURSION = YES;
				CLANG_WARN_INT_CONVERSION = YES;
				CLANG_WARN_NON_LITERAL_NULL_CONVERSION = YES;
				CLANG_WARN_OBJC_IMPLICIT_RETAIN_SELF = YES;
				CLANG_WARN_OBJC_LITERAL_CONVERSION = YES;
				CLANG_WARN_OBJC_ROOT_CLASS = YES_ERROR;
				CLANG_WARN_RANGE_LOOP_ANALYSIS = YES;
				CLANG_WARN_STRICT_PROTOTYPES = YES;
				CLANG_WARN_SUSPICIOUS_MOVE = YES;
				CLANG_WARN_UNGUARDED_AVAILABILITY = YES_AGGRESSIVE;
				CLANG_WARN_UNREACHABLE_CODE = YES;
				CLANG_WARN__DUPLICATE_METHOD_MATCH = YES;
				CODE_SIGN_IDENTITY = "iPhone Developer";
				COPY_PHASE_STRIP = NO;
				DEBUG_INFORMATION_FORMAT = "dwarf-with-dsym";
				ENABLE_NS_ASSERTIONS = NO;
				ENABLE_STRICT_OBJC_MSGSEND = YES;
				GCC_C_LANGUAGE_STANDARD = gnu11;
				GCC_NO_COMMON_BLOCKS = YES;
				GCC_WARN_64_TO_32_BIT_CONVERSION = YES;
				GCC_WARN_ABOUT_RETURN_TYPE = YES_ERROR;
				GCC_WARN_UNDECLARED_SELECTOR = YES;
				GCC_WARN_UNINITIALIZED_AUTOS = YES_AGGRESSIVE;
				GCC_WARN_UNUSED_FUNCTION = YES;
				GCC_WARN_UNUSED_VARIABLE = YES;
				IPHONEOS_DEPLOYMENT_TARGET = 11.4;
				MTL_ENABLE_DEBUG_INFO = NO;
				SDKROOT = iphoneos;
				SWIFT_COMPILATION_MODE = wholemodule;
				SWIFT_OPTIMIZATION_LEVEL = "-O";
				VALIDATE_PRODUCT = YES;
			};
			name = Release;
		};
		2B4DA8C420E5770B0072F8B0 /* Debug */ = {
			isa = XCBuildConfiguration;
			buildSettings = {
				ASSETCATALOG_COMPILER_APPICON_NAME = AppIcon;
				CODE_SIGN_STYLE = Automatic;
				INFOPLIST_FILE = Somuleco/Info.plist;
				LD_RUNPATH_SEARCH_PATHS = (
					"$(inherited)",
					"@executable_path/Frameworks",
				);
				PRODUCT_BUNDLE_IDENTIFIER = com.somuleco.Somuleco;
				PRODUCT_NAME = "$(TARGET_NAME)";
				SWIFT_VERSION = 4.0;
				TARGETED_DEVICE_FAMILY = "1,2";
			};
			name = Debug;
		};
		2B4DA8C520E5770B0072F8B0 /* Release */ = {
			isa = XCBuildConfiguration;
			buildSettings = {
				ASSETCATALOG_COMPILER_APPICON_NAME = AppIcon;
				CODE_SIGN_STYLE = Automatic;
				INFOPLIST_FILE = Somuleco/Info.plist;
				LD_RUNPATH_SEARCH_PATHS = (
					"$(inherited)",
					"@executable_path/Frameworks",
				);
				PRODUCT_BUNDLE_IDENTIFIER = com.somuleco.Somuleco;
				PRODUCT_NAME = "$(TARGET_NAME)";
				SWIFT_VERSION = 4.0;
				TARGETED_DEVICE_FAMILY = "1,2";
			};
			name = Release;
		};
		2B4DA8C720E5770B0072F8B0 /* Debug */ = {
			isa = XCBuildConfiguration;
			buildSettings = {
				ALWAYS_EMBED_SWIFT_STANDARD_LIBRARIES = YES;
				BUNDLE_LOADER = "$(TEST_HOST)";
				CODE_SIGN_STYLE = Automatic;
				INFOPLIST_FILE = SomulecoTests/Info.plist;
				LD_RUNPATH_SEARCH_PATHS = (
					"$(inherited)",
					"@executable_path/Frameworks",
					"@loader_path/Frameworks",
				);
				PRODUCT_BUNDLE_IDENTIFIER = com.somuleco.SomulecoTests;
				PRODUCT_NAME = "$(TARGET_NAME)";
				SWIFT_VERSION = 4.0;
				TARGETED_DEVICE_FAMILY = "1,2";
				TEST_HOST = "$(BUILT_PRODUCTS_DIR)/Somuleco.app/Somuleco";
			};
			name = Debug;
		};
		2B4DA8C820E5770B0072F8B0 /* Release */ = {
			isa = XCBuildConfiguration;
			buildSettings = {
				ALWAYS_EMBED_SWIFT_STANDARD_LIBRARIES = YES;
				BUNDLE_LOADER = "$(TEST_HOST)";
				CODE_SIGN_STYLE = Automatic;
				INFOPLIST_FILE = SomulecoTests/Info.plist;
				LD_RUNPATH_SEARCH_PATHS = (
					"$(inherited)",
					"@executable_path/Frameworks",
					"@loader_path/Frameworks",
				);
				PRODUCT_BUNDLE_IDENTIFIER = com.somuleco.SomulecoTests;
				PRODUCT_NAME = "$(TARGET_NAME)";
				SWIFT_VERSION = 4.0;
				TARGETED_DEVICE_FAMILY = "1,2";
				TEST_HOST = "$(BUILT_PRODUCTS_DIR)/Somuleco.app/Somuleco";
			};
			name = Release;
		};
		2B4DA8CA20E5770B0072F8B0 /* Debug */ = {
			isa = XCBuildConfiguration;
			buildSettings = {
				ALWAYS_EMBED_SWIFT_STANDARD_LIBRARIES = YES;
				CODE_SIGN_STYLE = Automatic;
				INFOPLIST_FILE = SomulecoUITests/Info.plist;
				LD_RUNPATH_SEARCH_PATHS = (
					"$(inherited)",
					"@executable_path/Frameworks",
					"@loader_path/Frameworks",
				);
				PRODUCT_BUNDLE_IDENTIFIER = com.somuleco.SomulecoUITests;
				PRODUCT_NAME = "$(TARGET_NAME)";
				SWIFT_VERSION = 4.0;
				TARGETED_DEVICE_FAMILY = "1,2";
				TEST_TARGET_NAME = Somuleco;
			};
			name = Debug;
		};
		2B4DA8CB20E5770B0072F8B0 /* Release */ = {
			isa = XCBuildConfiguration;
			buildSettings = {
				ALWAYS_EMBED_SWIFT_STANDARD_LIBRARIES = YES;
				CODE_SIGN_STYLE = Automatic;
				INFOPLIST_FILE = SomulecoUITests/Info.plist;
				LD_RUNPATH_SEARCH_PATHS = (
					"$(inherited)",
					"@executable_path/Frameworks",
					"@loader_path/Frameworks",
				);
				PRODUCT_BUNDLE_IDENTIFIER = com.somuleco.SomulecoUITests;
				PRODUCT_NAME = "$(TARGET_NAME)";
				SWIFT_VERSION = 4.0;
				TARGETED_DEVICE_FAMILY = "1,2";
				TEST_TARGET_NAME = Somuleco;
			};
			name = Release;
		};
/* End XCBuildConfiguration section */

/* Begin XCConfigurationList section */
		2B4DA89320E577090072F8B0 /* Build configuration list for PBXProject "Somuleco" */ = {
			isa = XCConfigurationList;
			buildConfigurations = (
				2B4DA8C120E5770B0072F8B0 /* Debug */,
				2B4DA8C220E5770B0072F8B0 /* Release */,
			);
			defaultConfigurationIsVisible = 0;
			defaultConfigurationName = Release;
		};
		2B4DA8C320E5770B0072F8B0 /* Build configuration list for PBXNativeTarget "Somuleco" */ = {
			isa = XCConfigurationList;
			buildConfigurations = (
				2B4DA8C420E5770B0072F8B0 /* Debug */,
				2B4DA8C520E5770B0072F8B0 /* Release */,
			);
			defaultConfigurationIsVisible = 0;
			defaultConfigurationName = Release;
		};
		2B4DA8C620E5770B0072F8B0 /* Build configuration list for PBXNativeTarget "SomulecoTests" */ = {
			isa = XCConfigurationList;
			buildConfigurations = (
				2B4DA8C720E5770B0072F8B0 /* Debug */,
				2B4DA8C820E5770B0072F8B0 /* Release */,
			);
			defaultConfigurationIsVisible = 0;
			defaultConfigurationName = Release;
		};
		2B4DA8C920E5770B0072F8B0 /* Build configuration list for PBXNativeTarget "SomulecoUITests" */ = {
			isa = XCConfigurationList;
			buildConfigurations = (
				2B4DA8CA20E5770B0072F8B0 /* Debug */,
				2B4DA8CB20E5770B0072F8B0 /* Release */,
			);
			defaultConfigurationIsVisible = 0;
			defaultConfigurationName = Release;
		};
/* End XCConfigurationList section */

/* Begin XCVersionGroup section */
		2B4DA8A220E5770A0072F8B0 /* Somuleco.xcdatamodeld */ = {
			isa = XCVersionGroup;
			children = (
				2B4DA8A320E5770A0072F8B0 /* Somuleco.xcdatamodel */,
			);
			currentVersion = 2B4DA8A320E5770A0072F8B0 /* Somuleco.xcdatamodel */;
			path = Somuleco.xcdatamodeld;
			sourceTree = "<group>";
			versionGroupType = wrapper.xcdatamodel;
		};
/* End XCVersionGroup section */
	};
	rootObject = 2B4DA89020E577090072F8B0 /* Project object */;
}
